// !$*UTF8*$!
{
	archiveVersion = 1;
	classes = {
	};
	objectVersion = 42;
	objects = {

/* Begin PBXBuildFile section */
		8D15AC2C0486D014006FF6A4 /* Credits.rtf in Resources */ = {isa = PBXBuildFile; fileRef = 2A37F4B9FDCFA73011CA2CEA /* Credits.rtf */; };
		8D15AC2D0486D014006FF6A4 /* MainMenu.nib in Resources */ = {isa = PBXBuildFile; fileRef = 2A37F4B6FDCFA73011CA2CEA /* MainMenu.nib */; };
		8D15AC2E0486D014006FF6A4 /* MyDocument.nib in Resources */ = {isa = PBXBuildFile; fileRef = 2A37F4B4FDCFA73011CA2CEA /* MyDocument.nib */; };
		8D15AC2F0486D014006FF6A4 /* InfoPlist.strings in Resources */ = {isa = PBXBuildFile; fileRef = 089C165FFE840EACC02AAC07 /* InfoPlist.strings */; };
		8D15AC310486D014006FF6A4 /* MyDocument.m in Sources */ = {isa = PBXBuildFile; fileRef = 2A37F4ACFDCFA73011CA2CEA /* MyDocument.m */; settings = {ATTRIBUTES = (); }; };
		8D15AC320486D014006FF6A4 /* main.m in Sources */ = {isa = PBXBuildFile; fileRef = 2A37F4B0FDCFA73011CA2CEA /* main.m */; settings = {ATTRIBUTES = (); }; };
		8D15AC340486D014006FF6A4 /* Cocoa.framework in Frameworks */ = {isa = PBXBuildFile; fileRef = 1058C7A7FEA54F5311CA2CBB /* Cocoa.framework */; };
		9302548007F0BC6A00011996 /* Compressor.m in Sources */ = {isa = PBXBuildFile; fileRef = 9302547E07F0BC6A00011996 /* Compressor.m */; };
		930255D007F0C2A800011996 /* Localizable.strings in Resources */ = {isa = PBXBuildFile; fileRef = 930255CF07F0C2A800011996 /* Localizable.strings */; };
		9304224D082975ED00F2B555 /* NSIndexSetExtended.m in Sources */ = {isa = PBXBuildFile; fileRef = 9304224B082975ED00F2B555 /* NSIndexSetExtended.m */; };
		93089AB30C0A593100B08453 /* latexit-latex-palette.icns in Resources */ = {isa = PBXBuildFile; fileRef = 93089AB10C0A593100B08453 /* latexit-latex-palette.icns */; };
		93089AB40C0A593100B08453 /* latexit-lib.icns in Resources */ = {isa = PBXBuildFile; fileRef = 93089AB20C0A593100B08453 /* latexit-lib.icns */; };
		9308AC33088CF2850062A340 /* NSString+CarbonFSSpecCreation.m in Sources */ = {isa = PBXBuildFile; fileRef = 9308AC2F088CF2850062A340 /* NSString+CarbonFSSpecCreation.m */; };
		9308AC35088CF2850062A340 /* IconFamily.m in Sources */ = {isa = PBXBuildFile; fileRef = 9308AC31088CF2850062A340 /* IconFamily.m */; };
		9308AC5A088CF2FB0062A340 /* Carbon.framework in Frameworks */ = {isa = PBXBuildFile; fileRef = 9308AC59088CF2FB0062A340 /* Carbon.framework */; };
		9308AD0C088CF3D50062A340 /* NSWorkspaceExtended.m in Sources */ = {isa = PBXBuildFile; fileRef = 9308AD0A088CF3D50062A340 /* NSWorkspaceExtended.m */; };
		9308E1EA07EE3A5900DD1B5F /* LineCountTextView.m in Sources */ = {isa = PBXBuildFile; fileRef = 9308E1E807EE3A5900DD1B5F /* LineCountTextView.m */; };
		9308E39307EE46BB00DD1B5F /* error.tiff in Resources */ = {isa = PBXBuildFile; fileRef = 9308E39207EE46BB00DD1B5F /* error.tiff */; };
		930AC4E407EDEEF400AC66FA /* LineCountRulerView.m in Sources */ = {isa = PBXBuildFile; fileRef = 930AC4E207EDEEF400AC66FA /* LineCountRulerView.m */; };
		930BC29B07ECBC3C00EEB238 /* AppController.m in Sources */ = {isa = PBXBuildFile; fileRef = 930BC29907ECBC3C00EEB238 /* AppController.m */; };
		930BC2AA07ECBD6500EEB238 /* MyImageView.m in Sources */ = {isa = PBXBuildFile; fileRef = 930BC2A807ECBD6500EEB238 /* MyImageView.m */; };
		930BFD1C0A245AC6008C586D /* LibraryPreviewPanelImageView.m in Sources */ = {isa = PBXBuildFile; fileRef = 930BFD1A0A245AC6008C586D /* LibraryPreviewPanelImageView.m */; };
		931030300C116A5C000BECED /* palettes in Resources */ = {isa = PBXBuildFile; fileRef = 9310302F0C116A5C000BECED /* palettes */; };
		9315A45207FD331800AFCCE9 /* Preferences.nib in Resources */ = {isa = PBXBuildFile; fileRef = 9315A45007FD331800AFCCE9 /* Preferences.nib */; };
		9315A59A07FD36BD00AFCCE9 /* PreferencesController.m in Sources */ = {isa = PBXBuildFile; fileRef = 9315A59807FD36BD00AFCCE9 /* PreferencesController.m */; };
		9315F80B089A730F00EAE085 /* EncapsulationManager.m in Sources */ = {isa = PBXBuildFile; fileRef = 9315F809089A730F00EAE085 /* EncapsulationManager.m */; };
		931D5DFB08A15B6500573DD8 /* ImagePopupButton.m in Sources */ = {isa = PBXBuildFile; fileRef = 931D5DF908A15B6500573DD8 /* ImagePopupButton.m */; };
		931D5E0208A15B8600573DD8 /* LibraryController.m in Sources */ = {isa = PBXBuildFile; fileRef = 931D5DFE08A15B8600573DD8 /* LibraryController.m */; };
		931D5E0408A15B8600573DD8 /* LibraryTableView.m in Sources */ = {isa = PBXBuildFile; fileRef = 931D5E0008A15B8600573DD8 /* LibraryTableView.m */; };
		931D5E1108A15B9E00573DD8 /* HistoryTableView.m in Sources */ = {isa = PBXBuildFile; fileRef = 931D5E0D08A15B9E00573DD8 /* HistoryTableView.m */; };
		931D5E1208A15B9E00573DD8 /* HistoryController.m in Sources */ = {isa = PBXBuildFile; fileRef = 931D5E0E08A15B9E00573DD8 /* HistoryController.m */; };
		931D5E2408A15C1400573DD8 /* action-pressed.tiff in Resources */ = {isa = PBXBuildFile; fileRef = 931D5E2008A15C1400573DD8 /* action-pressed.tiff */; };
		931D5E2508A15C1400573DD8 /* action.tiff in Resources */ = {isa = PBXBuildFile; fileRef = 931D5E2108A15C1400573DD8 /* action.tiff */; };
		931D5E2608A15C1400573DD8 /* add-big.tiff in Resources */ = {isa = PBXBuildFile; fileRef = 931D5E2208A15C1400573DD8 /* add-big.tiff */; };
		931D5E2708A15C1400573DD8 /* add-big-pressed.tiff in Resources */ = {isa = PBXBuildFile; fileRef = 931D5E2308A15C1400573DD8 /* add-big-pressed.tiff */; };
		9324D3F608A645500010DB95 /* ButtonNotClickThrough.m in Sources */ = {isa = PBXBuildFile; fileRef = 9324D3F408A645500010DB95 /* ButtonNotClickThrough.m */; };
		9328604407F4505F009BF03D /* latexit.icns in Resources */ = {isa = PBXBuildFile; fileRef = 9328604307F4505F009BF03D /* latexit.icns */; };
		932BA6D80960CC9B004EECBA /* PaletteCell.m in Sources */ = {isa = PBXBuildFile; fileRef = 932BA6D20960CC9B004EECBA /* PaletteCell.m */; };
		932BA6D90960CC9B004EECBA /* PaletteMatrix.m in Sources */ = {isa = PBXBuildFile; fileRef = 932BA6D30960CC9B004EECBA /* PaletteMatrix.m */; };
		932BA6DD0960CC9B004EECBA /* PaletteItem.m in Sources */ = {isa = PBXBuildFile; fileRef = 932BA6D70960CC9B004EECBA /* PaletteItem.m */; };
		932BA852096156B1004EECBA /* NSPopUpButtonExtended.m in Sources */ = {isa = PBXBuildFile; fileRef = 932BA850096156B1004EECBA /* NSPopUpButtonExtended.m */; };
		932CF4230826C2EB00434128 /* LibraryItem.m in Sources */ = {isa = PBXBuildFile; fileRef = 932CF4210826C2EB00434128 /* LibraryItem.m */; };
		932CF4270826C33D00434128 /* LibraryFile.m in Sources */ = {isa = PBXBuildFile; fileRef = 932CF4250826C33D00434128 /* LibraryFile.m */; };
		932CF45F0826C5A500434128 /* file-icon.png in Resources */ = {isa = PBXBuildFile; fileRef = 932CF45E0826C5A500434128 /* file-icon.png */; };
		932CF5790826D9E500434128 /* LibraryManager.m in Sources */ = {isa = PBXBuildFile; fileRef = 932CF5770826D9E500434128 /* LibraryManager.m */; };
		93310172083D1D6500DE67ED /* NSColorExtended.m in Sources */ = {isa = PBXBuildFile; fileRef = 93310170083D1D6400DE67ED /* NSColorExtended.m */; };
		93344CB608251BD500F00A49 /* NSTaskExtended.m in Sources */ = {isa = PBXBuildFile; fileRef = 93344CB408251BD500F00A49 /* NSTaskExtended.m */; };
		933EBABD0B7FCF3600D84BDB /* home.tiff in Resources */ = {isa = PBXBuildFile; fileRef = 933EBABB0B7FCF3600D84BDB /* home.tiff */; };
		933EBABE0B7FCF3600D84BDB /* homePressed.tiff in Resources */ = {isa = PBXBuildFile; fileRef = 933EBABC0B7FCF3600D84BDB /* homePressed.tiff */; };
		9340E8EF0AD166CF00D52E57 /* Lies mich.rtfd in Resources */ = {isa = PBXBuildFile; fileRef = 9340E8EE0AD166CF00D52E57 /* Lies mich.rtfd */; };
		9340E9110AD1670B00D52E57 /* ServiceShortcutsTextView.m in Sources */ = {isa = PBXBuildFile; fileRef = 9340E90D0AD1670B00D52E57 /* ServiceShortcutsTextView.m */; };
		9340E9130AD1670B00D52E57 /* ServiceShortcutsTableView.m in Sources */ = {isa = PBXBuildFile; fileRef = 9340E90F0AD1670B00D52E57 /* ServiceShortcutsTableView.m */; };
		9340E9320AD1676400D52E57 /* TextShortcutsManager.m in Sources */ = {isa = PBXBuildFile; fileRef = 9340E92C0AD1676400D52E57 /* TextShortcutsManager.m */; };
		9340E9340AD1676400D52E57 /* TextShortcutsController.m in Sources */ = {isa = PBXBuildFile; fileRef = 9340E92E0AD1676400D52E57 /* TextShortcutsController.m */; };
		9340E9360AD1676400D52E57 /* TextShortcutsTableView.m in Sources */ = {isa = PBXBuildFile; fileRef = 9340E9300AD1676400D52E57 /* TextShortcutsTableView.m */; };
		9343D0C908604F430024CDC2 /* refresh.tiff in Resources */ = {isa = PBXBuildFile; fileRef = 9343D0C808604F430024CDC2 /* refresh.tiff */; };
		934497ED08A520FC00CE2E61 /* poisson.pdf in Resources */ = {isa = PBXBuildFile; fileRef = 934497EC08A520FC00CE2E61 /* poisson.pdf */; };
		9344D8280825808900B17B37 /* LibraryCell.m in Sources */ = {isa = PBXBuildFile; fileRef = 9344D8260825808900B17B37 /* LibraryCell.m */; };
		9344D8A2082587ED00B17B37 /* LibraryFolder.m in Sources */ = {isa = PBXBuildFile; fileRef = 9344D8A0082587ED00B17B37 /* LibraryFolder.m */; };
		935A834C084EFF11005724CE /* NSApplicationExtended.m in Sources */ = {isa = PBXBuildFile; fileRef = 935A834A084EFF11005724CE /* NSApplicationExtended.m */; };
		935A85ED084F4DEF005724CE /* Licence_CeCILL_V2-fr.txt in Resources */ = {isa = PBXBuildFile; fileRef = 935A85EB084F4DEF005724CE /* Licence_CeCILL_V2-fr.txt */; };
		935A85EE084F4DEF005724CE /* Licence_CeCILL_V2-en.txt in Resources */ = {isa = PBXBuildFile; fileRef = 935A85EC084F4DEF005724CE /* Licence_CeCILL_V2-en.txt */; };
		936A2C5E09C9A0CC00310E33 /* BorderlessPanel.m in Sources */ = {isa = PBXBuildFile; fileRef = 936A2C5C09C9A0CC00310E33 /* BorderlessPanel.m */; };
		936C331E0C0DF0D10082F86D /* Semaphore.m in Sources */ = {isa = PBXBuildFile; fileRef = 936C331C0C0DF0D10082F86D /* Semaphore.m */; };
		9372A1F5087819EF00A3A645 /* MarginController.m in Sources */ = {isa = PBXBuildFile; fileRef = 9372A1F3087819EF00A3A645 /* MarginController.m */; };
		9372A2F4087827FF00A3A645 /* Margin.nib in Resources */ = {isa = PBXBuildFile; fileRef = 9372A2F3087827FF00A3A645 /* Margin.nib */; };
		93773C2207FFF2B6004AAB30 /* warning.tiff in Resources */ = {isa = PBXBuildFile; fileRef = 93773C2107FFF2B6004AAB30 /* warning.tiff */; };
		938875440C0A4FC3007E93C2 /* SystemTask.m in Sources */ = {isa = PBXBuildFile; fileRef = 938875420C0A4FC3007E93C2 /* SystemTask.m */; };
		938E23A70889C38D000626E6 /* Foundation.framework in Frameworks */ = {isa = PBXBuildFile; fileRef = 2A37F4C5FDCFA73011CA2CEA /* Foundation.framework */; };
		938E244B0889C392000626E6 /* AppKit.framework in Frameworks */ = {isa = PBXBuildFile; fileRef = 2A37F4C4FDCFA73011CA2CEA /* AppKit.framework */; };
		938E24BA0889C730000626E6 /* LinkBack-panther.framework in Frameworks */ = {isa = PBXBuildFile; fileRef = 93197FB7087D166E00C2E678 /* LinkBack-panther.framework */; };
		938E24BD0889C740000626E6 /* LinkBack-panther.framework in CopyFiles */ = {isa = PBXBuildFile; fileRef = 93197FB7087D166E00C2E678 /* LinkBack-panther.framework */; };
		939A64580800281900AE4486 /* ServicesMenu.strings in Resources */ = {isa = PBXBuildFile; fileRef = 939A64570800281900AE4486 /* ServicesMenu.strings */; };
		93A592CB07F46075001DF900 /* Licence.rtf in Resources */ = {isa = PBXBuildFile; fileRef = 93A592C807F46075001DF900 /* Licence.rtf */; };
		93A592CC07F46075001DF900 /* Lisez-moi.rtfd in Resources */ = {isa = PBXBuildFile; fileRef = 93A592C907F46075001DF900 /* Lisez-moi.rtfd */; };
		93A592CD07F46075001DF900 /* Read Me.rtfd in Resources */ = {isa = PBXBuildFile; fileRef = 93A592CA07F46075001DF900 /* Read Me.rtfd */; };
		93AD08B808A2D2CE0045B7F9 /* EncapsulationTableView.m in Sources */ = {isa = PBXBuildFile; fileRef = 93AD08B608A2D2CE0045B7F9 /* EncapsulationTableView.m */; };
		93B2133D0BBC1D6100EFCA2F /* current-version-fr.rtf in Resources */ = {isa = PBXBuildFile; fileRef = 93B2133C0BBC1D6100EFCA2F /* current-version-fr.rtf */; };
		93B213410BBC1D6800EFCA2F /* current-version-en.rtf in Resources */ = {isa = PBXBuildFile; fileRef = 93B2133E0BBC1D6800EFCA2F /* current-version-en.rtf */; };
		93B213420BBC1D6800EFCA2F /* current-version-de.rtf in Resources */ = {isa = PBXBuildFile; fileRef = 93B2133F0BBC1D6800EFCA2F /* current-version-de.rtf */; };
		93B213430BBC1D6800EFCA2F /* current-version-es.rtf in Resources */ = {isa = PBXBuildFile; fileRef = 93B213400BBC1D6800EFCA2F /* current-version-es.rtf */; };
		93B213680BBC1D7D00EFCA2F /* Léeme.rtfd in Resources */ = {isa = PBXBuildFile; fileRef = 93B213670BBC1D7D00EFCA2F /* Léeme.rtfd */; };
		93B528B0089FFC2B00F14B77 /* add.tiff in Resources */ = {isa = PBXBuildFile; fileRef = 93B528AC089FFC2B00F14B77 /* add.tiff */; };
		93B528B1089FFC2B00F14B77 /* add-pressed.tiff in Resources */ = {isa = PBXBuildFile; fileRef = 93B528AD089FFC2B00F14B77 /* add-pressed.tiff */; };
		93B528B2089FFC2B00F14B77 /* remove-pressed.tiff in Resources */ = {isa = PBXBuildFile; fileRef = 93B528AE089FFC2B00F14B77 /* remove-pressed.tiff */; };
		93B528B3089FFC2B00F14B77 /* remove.tiff in Resources */ = {isa = PBXBuildFile; fileRef = 93B528AF089FFC2B00F14B77 /* remove.tiff */; };
		93C2A1DA07ED9CFA00AFBDC0 /* LogTableView.m in Sources */ = {isa = PBXBuildFile; fileRef = 93C2A1D807ED9CFA00AFBDC0 /* LogTableView.m */; };
		93CD21DE0827E9230079C367 /* NSMutableArrayExtended.m in Sources */ = {isa = PBXBuildFile; fileRef = 93CD21DC0827E9230079C367 /* NSMutableArrayExtended.m */; };
		93D4E3F109C821A700736816 /* Utils.m in Sources */ = {isa = PBXBuildFile; fileRef = 93D4E3EF09C821A700736816 /* Utils.m */; };
		93D6BA1E082941900081D58A /* NSArrayExtended.m in Sources */ = {isa = PBXBuildFile; fileRef = 93D6BA1C082941900081D58A /* NSArrayExtended.m */; };
		93D7CB2509D36C870001DC5E /* CompositionConfigurationController.m in Sources */ = {isa = PBXBuildFile; fileRef = 93D7CB1F09D36C870001DC5E /* CompositionConfigurationController.m */; };
		93D7CB2809D36C870001DC5E /* CompositionConfigurationManager.m in Sources */ = {isa = PBXBuildFile; fileRef = 93D7CB2209D36C870001DC5E /* CompositionConfigurationManager.m */; };
		93D7CB2A09D36C870001DC5E /* CompositionConfigurationTableView.m in Sources */ = {isa = PBXBuildFile; fileRef = 93D7CB2409D36C870001DC5E /* CompositionConfigurationTableView.m */; };
		93D7CB7909D36DC10001DC5E /* CompositionConfiguration.nib in Resources */ = {isa = PBXBuildFile; fileRef = 93D7CB7609D36DC10001DC5E /* CompositionConfiguration.nib */; };
		93E81972087969BE0081B897 /* NSSegmentedControlExtended.m in Sources */ = {isa = PBXBuildFile; fileRef = 93E81970087969BE0081B897 /* NSSegmentedControlExtended.m */; };
		93E81AA2087978AD0081B897 /* NSFontExtended.m in Sources */ = {isa = PBXBuildFile; fileRef = 93E81AA0087978AD0081B897 /* NSFontExtended.m */; };
		93EE114B07F2F607009E1F36 /* HistoryCell.m in Sources */ = {isa = PBXBuildFile; fileRef = 93EE114907F2F607009E1F36 /* HistoryCell.m */; };
		93EF9D1F07EF7B6A0003FA6E /* HistoryItem.m in Sources */ = {isa = PBXBuildFile; fileRef = 93EF9D1D07EF7B6A0003FA6E /* HistoryItem.m */; };
		93EF9D2307EF7B740003FA6E /* HistoryManager.m in Sources */ = {isa = PBXBuildFile; fileRef = 93EF9D2107EF7B740003FA6E /* HistoryManager.m */; };
		93EFDB9F088FF163000156A3 /* NSStringExtended.m in Sources */ = {isa = PBXBuildFile; fileRef = 93EFDB9D088FF163000156A3 /* NSStringExtended.m */; };
		93F0009009885B310064888E /* view-icons.tiff in Resources */ = {isa = PBXBuildFile; fileRef = 93F0008E09885B310064888E /* view-icons.tiff */; };
		93F0009109885B310064888E /* view-titles.tiff in Resources */ = {isa = PBXBuildFile; fileRef = 93F0008F09885B310064888E /* view-titles.tiff */; };
		93F0009309885B550064888E /* big-folder-icon.tiff in Resources */ = {isa = PBXBuildFile; fileRef = 93F0009209885B550064888E /* big-folder-icon.tiff */; };
		93F16CAD089FC1D800FF7B94 /* LatexPalettes.nib in Resources */ = {isa = PBXBuildFile; fileRef = 93F16CAB089FC1D800FF7B94 /* LatexPalettes.nib */; };
		93F16CD1089FC25200FF7B94 /* LatexPalettesController.m in Sources */ = {isa = PBXBuildFile; fileRef = 93F16CCD089FC25200FF7B94 /* LatexPalettesController.m */; };
		93F2C6D90A31A88C0009FB59 /* latex-keywords.plist in Resources */ = {isa = PBXBuildFile; fileRef = 93F2C6D70A31A88C0009FB59 /* latex-keywords.plist */; };
		93F2C6DA0A31A88C0009FB59 /* convert in Resources */ = {isa = PBXBuildFile; fileRef = 93F2C6D80A31A88C0009FB59 /* convert */; };
		93F350220952AF2300DDFD09 /* SMLSyntaxColouring.m in Sources */ = {isa = PBXBuildFile; fileRef = 93F350200952AF2300DDFD09 /* SMLSyntaxColouring.m */; };
		93F350480952AFC400DDFD09 /* advancedToolbarItem.tiff in Resources */ = {isa = PBXBuildFile; fileRef = 93F350410952AFC400DDFD09 /* advancedToolbarItem.tiff */; };
		93F350490952AFC400DDFD09 /* compositionToolbarItem.tiff in Resources */ = {isa = PBXBuildFile; fileRef = 93F350420952AFC400DDFD09 /* compositionToolbarItem.tiff */; };
		93F3504A0952AFC400DDFD09 /* editionToolbarItem.tiff in Resources */ = {isa = PBXBuildFile; fileRef = 93F350430952AFC400DDFD09 /* editionToolbarItem.tiff */; };
		93F3504B0952AFC400DDFD09 /* generalToolbarItem.tiff in Resources */ = {isa = PBXBuildFile; fileRef = 93F350440952AFC400DDFD09 /* generalToolbarItem.tiff */; };
		93F3504C0952AFC400DDFD09 /* preambleToolbarItem.tiff in Resources */ = {isa = PBXBuildFile; fileRef = 93F350450952AFC400DDFD09 /* preambleToolbarItem.tiff */; };
		93F3504D0952AFC400DDFD09 /* serviceToolbarItem.tiff in Resources */ = {isa = PBXBuildFile; fileRef = 93F350460952AFC400DDFD09 /* serviceToolbarItem.tiff */; };
		93F3504E0952AFC400DDFD09 /* webToolbarItem.tiff in Resources */ = {isa = PBXBuildFile; fileRef = 93F350470952AFC400DDFD09 /* webToolbarItem.tiff */; };
		93F3506D0952B08700DDFD09 /* tex.plist in Resources */ = {isa = PBXBuildFile; fileRef = 93F3506C0952B08700DDFD09 /* tex.plist */; };
		93F6D54009CE9B10002ED258 /* magnifying-glass.png in Resources */ = {isa = PBXBuildFile; fileRef = 93F6D53F09CE9B10002ED258 /* magnifying-glass.png */; };
		93F73E920899092A00EFFA5E /* EncapsulationController.m in Sources */ = {isa = PBXBuildFile; fileRef = 93F73E8E0899092A00EFFA5E /* EncapsulationController.m */; };
		93F73E9D0899095F00EFFA5E /* Encapsulation.nib in Resources */ = {isa = PBXBuildFile; fileRef = 93F73E9B0899095F00EFFA5E /* Encapsulation.nib */; };
		93F9DEB008A2D96C005DEBF6 /* Library.nib in Resources */ = {isa = PBXBuildFile; fileRef = 93F9DEAC08A2D96C005DEBF6 /* Library.nib */; };
		93F9DEB108A2D96C005DEBF6 /* History.nib in Resources */ = {isa = PBXBuildFile; fileRef = 93F9DEAE08A2D96C005DEBF6 /* History.nib */; };
/* End PBXBuildFile section */

/* Begin PBXCopyFilesBuildPhase section */
		93126C5C0834966D0021D026 /* CopyFiles */ = {
			isa = PBXCopyFilesBuildPhase;
			buildActionMask = 2147483647;
			dstPath = "";
			dstSubfolderSpec = 10;
			files = (
				938E24BD0889C740000626E6 /* LinkBack-panther.framework in CopyFiles */,
			);
			runOnlyForDeploymentPostprocessing = 0;
		};
/* End PBXCopyFilesBuildPhase section */

/* Begin PBXFileReference section */
		089C1660FE840EACC02AAC07 /* English */ = {isa = PBXFileReference; fileEncoding = 10; lastKnownFileType = text.plist.strings; name = English; path = English.lproj/InfoPlist.strings; sourceTree = "<group>"; };
		1058C7A7FEA54F5311CA2CBB /* Cocoa.framework */ = {isa = PBXFileReference; lastKnownFileType = wrapper.framework; name = Cocoa.framework; path = /System/Library/Frameworks/Cocoa.framework; sourceTree = "<absolute>"; };
		2A37F4ACFDCFA73011CA2CEA /* MyDocument.m */ = {isa = PBXFileReference; fileEncoding = 4; lastKnownFileType = sourcecode.c.objc; path = MyDocument.m; sourceTree = "<group>"; };
		2A37F4AEFDCFA73011CA2CEA /* MyDocument.h */ = {isa = PBXFileReference; fileEncoding = 4; lastKnownFileType = sourcecode.c.h; path = MyDocument.h; sourceTree = "<group>"; };
		2A37F4B0FDCFA73011CA2CEA /* main.m */ = {isa = PBXFileReference; fileEncoding = 4; lastKnownFileType = sourcecode.c.objc; path = main.m; sourceTree = "<group>"; };
		2A37F4B5FDCFA73011CA2CEA /* English */ = {isa = PBXFileReference; lastKnownFileType = wrapper.nib; name = English; path = English.lproj/MyDocument.nib; sourceTree = "<group>"; };
		2A37F4B7FDCFA73011CA2CEA /* English */ = {isa = PBXFileReference; lastKnownFileType = wrapper.nib; name = English; path = English.lproj/MainMenu.nib; sourceTree = "<group>"; };
		2A37F4BAFDCFA73011CA2CEA /* English */ = {isa = PBXFileReference; lastKnownFileType = text.rtf; name = English; path = English.lproj/Credits.rtf; sourceTree = "<group>"; };
		2A37F4C4FDCFA73011CA2CEA /* AppKit.framework */ = {isa = PBXFileReference; lastKnownFileType = wrapper.framework; name = AppKit.framework; path = /System/Library/Frameworks/AppKit.framework; sourceTree = "<absolute>"; };
		2A37F4C5FDCFA73011CA2CEA /* Foundation.framework */ = {isa = PBXFileReference; lastKnownFileType = wrapper.framework; name = Foundation.framework; path = /System/Library/Frameworks/Foundation.framework; sourceTree = "<absolute>"; };
		32DBCF750370BD2300C91783 /* LaTeXiT_Prefix.pch */ = {isa = PBXFileReference; fileEncoding = 4; lastKnownFileType = sourcecode.c.h; path = LaTeXiT_Prefix.pch; sourceTree = "<group>"; };
		8D15AC360486D014006FF6A4 /* Info.plist */ = {isa = PBXFileReference; fileEncoding = 4; lastKnownFileType = text.xml; path = Info.plist; sourceTree = "<group>"; };
		8D15AC370486D014006FF6A4 /* LaTeXiT.app */ = {isa = PBXFileReference; includeInIndex = 0; lastKnownFileType = wrapper.application; path = LaTeXiT.app; sourceTree = BUILT_PRODUCTS_DIR; };
		9302547E07F0BC6A00011996 /* Compressor.m */ = {isa = PBXFileReference; fileEncoding = 5; lastKnownFileType = sourcecode.c.objc; path = Compressor.m; sourceTree = "<group>"; };
		9302547F07F0BC6A00011996 /* Compressor.h */ = {isa = PBXFileReference; fileEncoding = 5; lastKnownFileType = sourcecode.c.h; path = Compressor.h; sourceTree = "<group>"; };
		930255CD07F0C2A300011996 /* English */ = {isa = PBXFileReference; fileEncoding = 4; lastKnownFileType = text.plist.strings; name = English; path = English.lproj/Localizable.strings; sourceTree = "<group>"; };
		9304224A082975ED00F2B555 /* NSIndexSetExtended.h */ = {isa = PBXFileReference; fileEncoding = 4; lastKnownFileType = sourcecode.c.h; path = NSIndexSetExtended.h; sourceTree = "<group>"; };
		9304224B082975ED00F2B555 /* NSIndexSetExtended.m */ = {isa = PBXFileReference; fileEncoding = 4; lastKnownFileType = sourcecode.c.objc; path = NSIndexSetExtended.m; sourceTree = "<group>"; };
		93089AB10C0A593100B08453 /* latexit-latex-palette.icns */ = {isa = PBXFileReference; lastKnownFileType = image.icns; name = "latexit-latex-palette.icns"; path = "Resources/file-icons/latexit-latex-palette.icns"; sourceTree = "<group>"; };
		93089AB20C0A593100B08453 /* latexit-lib.icns */ = {isa = PBXFileReference; lastKnownFileType = image.icns; name = "latexit-lib.icns"; path = "Resources/file-icons/latexit-lib.icns"; sourceTree = "<group>"; };
		9308AC2E088CF2850062A340 /* NSString+CarbonFSSpecCreation.h */ = {isa = PBXFileReference; fileEncoding = 5; lastKnownFileType = sourcecode.c.h; path = "NSString+CarbonFSSpecCreation.h"; sourceTree = "<group>"; };
		9308AC2F088CF2850062A340 /* NSString+CarbonFSSpecCreation.m */ = {isa = PBXFileReference; fileEncoding = 5; lastKnownFileType = sourcecode.c.objc; path = "NSString+CarbonFSSpecCreation.m"; sourceTree = "<group>"; };
		9308AC30088CF2850062A340 /* IconFamily.h */ = {isa = PBXFileReference; fileEncoding = 5; lastKnownFileType = sourcecode.c.h; path = IconFamily.h; sourceTree = "<group>"; };
		9308AC31088CF2850062A340 /* IconFamily.m */ = {isa = PBXFileReference; fileEncoding = 5; lastKnownFileType = sourcecode.c.objc; path = IconFamily.m; sourceTree = "<group>"; };
		9308AC59088CF2FB0062A340 /* Carbon.framework */ = {isa = PBXFileReference; lastKnownFileType = wrapper.framework; name = Carbon.framework; path = /System/Library/Frameworks/Carbon.framework; sourceTree = "<absolute>"; };
		9308AD09088CF3D50062A340 /* NSWorkspaceExtended.h */ = {isa = PBXFileReference; fileEncoding = 5; lastKnownFileType = sourcecode.c.h; path = NSWorkspaceExtended.h; sourceTree = "<group>"; };
		9308AD0A088CF3D50062A340 /* NSWorkspaceExtended.m */ = {isa = PBXFileReference; fileEncoding = 5; lastKnownFileType = sourcecode.c.objc; path = NSWorkspaceExtended.m; sourceTree = "<group>"; };
		9308E1E707EE3A5900DD1B5F /* LineCountTextView.h */ = {isa = PBXFileReference; fileEncoding = 4; lastKnownFileType = sourcecode.c.h; path = LineCountTextView.h; sourceTree = "<group>"; };
		9308E1E807EE3A5900DD1B5F /* LineCountTextView.m */ = {isa = PBXFileReference; fileEncoding = 4; lastKnownFileType = sourcecode.c.objc; path = LineCountTextView.m; sourceTree = "<group>"; };
		9308E39207EE46BB00DD1B5F /* error.tiff */ = {isa = PBXFileReference; lastKnownFileType = image.tiff; name = error.tiff; path = Resources/interface/error.tiff; sourceTree = "<group>"; };
		930AC4E107EDEEF400AC66FA /* LineCountRulerView.h */ = {isa = PBXFileReference; fileEncoding = 4; lastKnownFileType = sourcecode.c.h; path = LineCountRulerView.h; sourceTree = "<group>"; };
		930AC4E207EDEEF400AC66FA /* LineCountRulerView.m */ = {isa = PBXFileReference; fileEncoding = 4; lastKnownFileType = sourcecode.c.objc; path = LineCountRulerView.m; sourceTree = "<group>"; };
		930BC29807ECBC3C00EEB238 /* AppController.h */ = {isa = PBXFileReference; fileEncoding = 4; lastKnownFileType = sourcecode.c.h; path = AppController.h; sourceTree = "<group>"; };
		930BC29907ECBC3C00EEB238 /* AppController.m */ = {isa = PBXFileReference; fileEncoding = 4; lastKnownFileType = sourcecode.c.objc; path = AppController.m; sourceTree = "<group>"; };
		930BC2A707ECBD6500EEB238 /* MyImageView.h */ = {isa = PBXFileReference; fileEncoding = 4; lastKnownFileType = sourcecode.c.h; path = MyImageView.h; sourceTree = "<group>"; };
		930BC2A807ECBD6500EEB238 /* MyImageView.m */ = {isa = PBXFileReference; fileEncoding = 4; lastKnownFileType = sourcecode.c.objc; path = MyImageView.m; sourceTree = "<group>"; };
		930BFD1A0A245AC6008C586D /* LibraryPreviewPanelImageView.m */ = {isa = PBXFileReference; fileEncoding = 5; lastKnownFileType = sourcecode.c.objc; path = LibraryPreviewPanelImageView.m; sourceTree = "<group>"; };
		930BFD1B0A245AC6008C586D /* LibraryPreviewPanelImageView.h */ = {isa = PBXFileReference; fileEncoding = 5; lastKnownFileType = sourcecode.c.h; path = LibraryPreviewPanelImageView.h; sourceTree = "<group>"; };
		9310302F0C116A5C000BECED /* palettes */ = {isa = PBXFileReference; lastKnownFileType = folder; name = palettes; path = Resources/palettes; sourceTree = "<group>"; };
		9315A45107FD331800AFCCE9 /* English */ = {isa = PBXFileReference; lastKnownFileType = wrapper.nib; name = English; path = English.lproj/Preferences.nib; sourceTree = "<group>"; };
		9315A59807FD36BD00AFCCE9 /* PreferencesController.m */ = {isa = PBXFileReference; fileEncoding = 5; lastKnownFileType = sourcecode.c.objc; path = PreferencesController.m; sourceTree = "<group>"; };
		9315A59907FD36BD00AFCCE9 /* PreferencesController.h */ = {isa = PBXFileReference; fileEncoding = 5; lastKnownFileType = sourcecode.c.h; path = PreferencesController.h; sourceTree = "<group>"; };
		9315F809089A730F00EAE085 /* EncapsulationManager.m */ = {isa = PBXFileReference; fileEncoding = 5; lastKnownFileType = sourcecode.c.objc; path = EncapsulationManager.m; sourceTree = "<group>"; };
		9315F80A089A730F00EAE085 /* EncapsulationManager.h */ = {isa = PBXFileReference; fileEncoding = 5; lastKnownFileType = sourcecode.c.h; path = EncapsulationManager.h; sourceTree = "<group>"; };
		93197FB7087D166E00C2E678 /* LinkBack-panther.framework */ = {isa = PBXFileReference; lastKnownFileType = wrapper.framework; path = "LinkBack-panther.framework"; sourceTree = "<group>"; };
		931D5DF908A15B6500573DD8 /* ImagePopupButton.m */ = {isa = PBXFileReference; fileEncoding = 5; lastKnownFileType = sourcecode.c.objc; path = ImagePopupButton.m; sourceTree = "<group>"; };
		931D5DFA08A15B6500573DD8 /* ImagePopupButton.h */ = {isa = PBXFileReference; fileEncoding = 5; lastKnownFileType = sourcecode.c.h; path = ImagePopupButton.h; sourceTree = "<group>"; };
		931D5DFD08A15B8600573DD8 /* LibraryController.h */ = {isa = PBXFileReference; fileEncoding = 5; lastKnownFileType = sourcecode.c.h; path = LibraryController.h; sourceTree = "<group>"; };
		931D5DFE08A15B8600573DD8 /* LibraryController.m */ = {isa = PBXFileReference; fileEncoding = 5; lastKnownFileType = sourcecode.c.objc; path = LibraryController.m; sourceTree = "<group>"; };
		931D5DFF08A15B8600573DD8 /* LibraryTableView.h */ = {isa = PBXFileReference; fileEncoding = 5; lastKnownFileType = sourcecode.c.h; path = LibraryTableView.h; sourceTree = "<group>"; };
		931D5E0008A15B8600573DD8 /* LibraryTableView.m */ = {isa = PBXFileReference; fileEncoding = 5; lastKnownFileType = sourcecode.c.objc; path = LibraryTableView.m; sourceTree = "<group>"; };
		931D5E0D08A15B9E00573DD8 /* HistoryTableView.m */ = {isa = PBXFileReference; fileEncoding = 5; lastKnownFileType = sourcecode.c.objc; path = HistoryTableView.m; sourceTree = "<group>"; };
		931D5E0E08A15B9E00573DD8 /* HistoryController.m */ = {isa = PBXFileReference; fileEncoding = 5; lastKnownFileType = sourcecode.c.objc; path = HistoryController.m; sourceTree = "<group>"; };
		931D5E0F08A15B9E00573DD8 /* HistoryTableView.h */ = {isa = PBXFileReference; fileEncoding = 5; lastKnownFileType = sourcecode.c.h; path = HistoryTableView.h; sourceTree = "<group>"; };
		931D5E1008A15B9E00573DD8 /* HistoryController.h */ = {isa = PBXFileReference; fileEncoding = 5; lastKnownFileType = sourcecode.c.h; path = HistoryController.h; sourceTree = "<group>"; };
		931D5E2008A15C1400573DD8 /* action-pressed.tiff */ = {isa = PBXFileReference; lastKnownFileType = image.tiff; name = "action-pressed.tiff"; path = "Resources/interface/action-pressed.tiff"; sourceTree = "<group>"; };
		931D5E2108A15C1400573DD8 /* action.tiff */ = {isa = PBXFileReference; lastKnownFileType = image.tiff; name = action.tiff; path = Resources/interface/action.tiff; sourceTree = "<group>"; };
		931D5E2208A15C1400573DD8 /* add-big.tiff */ = {isa = PBXFileReference; lastKnownFileType = image.tiff; name = "add-big.tiff"; path = "Resources/interface/add-big.tiff"; sourceTree = "<group>"; };
		931D5E2308A15C1400573DD8 /* add-big-pressed.tiff */ = {isa = PBXFileReference; lastKnownFileType = image.tiff; name = "add-big-pressed.tiff"; path = "Resources/interface/add-big-pressed.tiff"; sourceTree = "<group>"; };
		9324D3F308A645500010DB95 /* ButtonNotClickThrough.h */ = {isa = PBXFileReference; fileEncoding = 5; lastKnownFileType = sourcecode.c.h; path = ButtonNotClickThrough.h; sourceTree = "<group>"; };
		9324D3F408A645500010DB95 /* ButtonNotClickThrough.m */ = {isa = PBXFileReference; fileEncoding = 5; lastKnownFileType = sourcecode.c.objc; path = ButtonNotClickThrough.m; sourceTree = "<group>"; };
		9328604307F4505F009BF03D /* latexit.icns */ = {isa = PBXFileReference; lastKnownFileType = image.icns; name = latexit.icns; path = "Resources/file-icons/latexit.icns"; sourceTree = "<group>"; };
		932BA6D20960CC9B004EECBA /* PaletteCell.m */ = {isa = PBXFileReference; fileEncoding = 5; lastKnownFileType = sourcecode.c.objc; path = PaletteCell.m; sourceTree = "<group>"; };
		932BA6D30960CC9B004EECBA /* PaletteMatrix.m */ = {isa = PBXFileReference; fileEncoding = 5; lastKnownFileType = sourcecode.c.objc; path = PaletteMatrix.m; sourceTree = "<group>"; };
		932BA6D40960CC9B004EECBA /* PaletteCell.h */ = {isa = PBXFileReference; fileEncoding = 5; lastKnownFileType = sourcecode.c.h; path = PaletteCell.h; sourceTree = "<group>"; };
		932BA6D50960CC9B004EECBA /* PaletteItem.h */ = {isa = PBXFileReference; fileEncoding = 5; lastKnownFileType = sourcecode.c.h; path = PaletteItem.h; sourceTree = "<group>"; };
		932BA6D60960CC9B004EECBA /* PaletteMatrix.h */ = {isa = PBXFileReference; fileEncoding = 5; lastKnownFileType = sourcecode.c.h; path = PaletteMatrix.h; sourceTree = "<group>"; };
		932BA6D70960CC9B004EECBA /* PaletteItem.m */ = {isa = PBXFileReference; fileEncoding = 5; lastKnownFileType = sourcecode.c.objc; path = PaletteItem.m; sourceTree = "<group>"; };
		932BA84F096156B1004EECBA /* NSPopUpButtonExtended.h */ = {isa = PBXFileReference; fileEncoding = 4; lastKnownFileType = sourcecode.c.h; path = NSPopUpButtonExtended.h; sourceTree = "<group>"; };
		932BA850096156B1004EECBA /* NSPopUpButtonExtended.m */ = {isa = PBXFileReference; fileEncoding = 4; lastKnownFileType = sourcecode.c.objc; path = NSPopUpButtonExtended.m; sourceTree = "<group>"; };
		932CF4200826C2EB00434128 /* LibraryItem.h */ = {isa = PBXFileReference; fileEncoding = 4; lastKnownFileType = sourcecode.c.h; path = LibraryItem.h; sourceTree = "<group>"; };
		932CF4210826C2EB00434128 /* LibraryItem.m */ = {isa = PBXFileReference; fileEncoding = 4; lastKnownFileType = sourcecode.c.objc; path = LibraryItem.m; sourceTree = "<group>"; };
		932CF4240826C33D00434128 /* LibraryFile.h */ = {isa = PBXFileReference; fileEncoding = 4; lastKnownFileType = sourcecode.c.h; path = LibraryFile.h; sourceTree = "<group>"; };
		932CF4250826C33D00434128 /* LibraryFile.m */ = {isa = PBXFileReference; fileEncoding = 4; lastKnownFileType = sourcecode.c.objc; path = LibraryFile.m; sourceTree = "<group>"; };
		932CF45E0826C5A500434128 /* file-icon.png */ = {isa = PBXFileReference; lastKnownFileType = image.png; name = "file-icon.png"; path = "Resources/interface/file-icon.png"; sourceTree = "<group>"; };
		932CF5760826D9E500434128 /* LibraryManager.h */ = {isa = PBXFileReference; fileEncoding = 4; lastKnownFileType = sourcecode.c.h; path = LibraryManager.h; sourceTree = "<group>"; };
		932CF5770826D9E500434128 /* LibraryManager.m */ = {isa = PBXFileReference; fileEncoding = 4; lastKnownFileType = sourcecode.c.objc; path = LibraryManager.m; sourceTree = "<group>"; };
		9331016F083D1D6400DE67ED /* NSColorExtended.h */ = {isa = PBXFileReference; fileEncoding = 4; lastKnownFileType = sourcecode.c.h; path = NSColorExtended.h; sourceTree = "<group>"; };
		93310170083D1D6400DE67ED /* NSColorExtended.m */ = {isa = PBXFileReference; fileEncoding = 4; lastKnownFileType = sourcecode.c.objc; path = NSColorExtended.m; sourceTree = "<group>"; };
		93344CB308251BD500F00A49 /* NSTaskExtended.h */ = {isa = PBXFileReference; fileEncoding = 4; lastKnownFileType = sourcecode.c.h; path = NSTaskExtended.h; sourceTree = "<group>"; };
		93344CB408251BD500F00A49 /* NSTaskExtended.m */ = {isa = PBXFileReference; fileEncoding = 4; lastKnownFileType = sourcecode.c.objc; path = NSTaskExtended.m; sourceTree = "<group>"; };
		933EBABB0B7FCF3600D84BDB /* home.tiff */ = {isa = PBXFileReference; lastKnownFileType = image.tiff; name = home.tiff; path = Resources/interface/home.tiff; sourceTree = "<group>"; };
		933EBABC0B7FCF3600D84BDB /* homePressed.tiff */ = {isa = PBXFileReference; lastKnownFileType = image.tiff; name = homePressed.tiff; path = Resources/interface/homePressed.tiff; sourceTree = "<group>"; };
		9340E8C80AD1661600D52E57 /* German */ = {isa = PBXFileReference; lastKnownFileType = text.rtf; name = German; path = German.lproj/Credits.rtf; sourceTree = "<group>"; };
		9340E8C90AD1662E00D52E57 /* German */ = {isa = PBXFileReference; lastKnownFileType = wrapper.nib; name = German; path = German.lproj/CompositionConfiguration.nib; sourceTree = "<group>"; };
		9340E8CB0AD1664600D52E57 /* German */ = {isa = PBXFileReference; lastKnownFileType = wrapper.nib; name = German; path = German.lproj/Encapsulation.nib; sourceTree = "<group>"; };
		9340E8CD0AD1664E00D52E57 /* German */ = {isa = PBXFileReference; lastKnownFileType = wrapper.nib; name = German; path = German.lproj/History.nib; sourceTree = "<group>"; };
		9340E8D40AD1666300D52E57 /* German */ = {isa = PBXFileReference; lastKnownFileType = wrapper.nib; name = German; path = German.lproj/LatexPalettes.nib; sourceTree = "<group>"; };
		9340E8D50AD1666A00D52E57 /* German */ = {isa = PBXFileReference; lastKnownFileType = wrapper.nib; name = German; path = German.lproj/Library.nib; sourceTree = "<group>"; };
		9340E8D60AD1667000D52E57 /* German */ = {isa = PBXFileReference; lastKnownFileType = text.plist.strings; name = German; path = German.lproj/InfoPlist.strings; sourceTree = "<group>"; };
		9340E8DB0AD1668200D52E57 /* German */ = {isa = PBXFileReference; lastKnownFileType = text.plist.strings; name = German; path = German.lproj/Localizable.strings; sourceTree = "<group>"; };
		9340E8DE0AD1669200D52E57 /* German */ = {isa = PBXFileReference; lastKnownFileType = wrapper.nib; name = German; path = German.lproj/MainMenu.nib; sourceTree = "<group>"; };
		9340E8DF0AD1669800D52E57 /* German */ = {isa = PBXFileReference; lastKnownFileType = wrapper.nib; name = German; path = German.lproj/Margin.nib; sourceTree = "<group>"; };
		9340E8E00AD166A400D52E57 /* German */ = {isa = PBXFileReference; lastKnownFileType = wrapper.nib; name = German; path = German.lproj/MyDocument.nib; sourceTree = "<group>"; };
		9340E8E10AD166AA00D52E57 /* German */ = {isa = PBXFileReference; lastKnownFileType = wrapper.nib; name = German; path = German.lproj/Preferences.nib; sourceTree = "<group>"; };
		9340E8E20AD166B900D52E57 /* German */ = {isa = PBXFileReference; lastKnownFileType = text.plist.strings; name = German; path = German.lproj/ServicesMenu.strings; sourceTree = "<group>"; };
		9340E8EE0AD166CF00D52E57 /* Lies mich.rtfd */ = {isa = PBXFileReference; lastKnownFileType = wrapper.rtfd; name = "Lies mich.rtfd"; path = "Resources/documentation/Lies mich.rtfd"; sourceTree = "<group>"; };
		9340E90D0AD1670B00D52E57 /* ServiceShortcutsTextView.m */ = {isa = PBXFileReference; fileEncoding = 5; lastKnownFileType = sourcecode.c.objc; path = ServiceShortcutsTextView.m; sourceTree = "<group>"; };
		9340E90E0AD1670B00D52E57 /* ServiceShortcutsTextView.h */ = {isa = PBXFileReference; fileEncoding = 5; lastKnownFileType = sourcecode.c.h; path = ServiceShortcutsTextView.h; sourceTree = "<group>"; };
		9340E90F0AD1670B00D52E57 /* ServiceShortcutsTableView.m */ = {isa = PBXFileReference; fileEncoding = 5; lastKnownFileType = sourcecode.c.objc; path = ServiceShortcutsTableView.m; sourceTree = "<group>"; };
		9340E9100AD1670B00D52E57 /* ServiceShortcutsTableView.h */ = {isa = PBXFileReference; fileEncoding = 5; lastKnownFileType = sourcecode.c.h; path = ServiceShortcutsTableView.h; sourceTree = "<group>"; };
		9340E92B0AD1676400D52E57 /* TextShortcutsTableView.h */ = {isa = PBXFileReference; fileEncoding = 5; lastKnownFileType = sourcecode.c.h; path = TextShortcutsTableView.h; sourceTree = "<group>"; };
		9340E92C0AD1676400D52E57 /* TextShortcutsManager.m */ = {isa = PBXFileReference; fileEncoding = 5; lastKnownFileType = sourcecode.c.objc; path = TextShortcutsManager.m; sourceTree = "<group>"; };
		9340E92D0AD1676400D52E57 /* TextShortcutsManager.h */ = {isa = PBXFileReference; fileEncoding = 5; lastKnownFileType = sourcecode.c.h; path = TextShortcutsManager.h; sourceTree = "<group>"; };
		9340E92E0AD1676400D52E57 /* TextShortcutsController.m */ = {isa = PBXFileReference; fileEncoding = 5; lastKnownFileType = sourcecode.c.objc; path = TextShortcutsController.m; sourceTree = "<group>"; };
		9340E92F0AD1676400D52E57 /* TextShortcutsController.h */ = {isa = PBXFileReference; fileEncoding = 5; lastKnownFileType = sourcecode.c.h; path = TextShortcutsController.h; sourceTree = "<group>"; };
		9340E9300AD1676400D52E57 /* TextShortcutsTableView.m */ = {isa = PBXFileReference; fileEncoding = 5; lastKnownFileType = sourcecode.c.objc; path = TextShortcutsTableView.m; sourceTree = "<group>"; };
		9343D0C808604F430024CDC2 /* refresh.tiff */ = {isa = PBXFileReference; lastKnownFileType = image.tiff; name = refresh.tiff; path = Resources/interface/refresh.tiff; sourceTree = "<group>"; };
		934497EC08A520FC00CE2E61 /* poisson.pdf */ = {isa = PBXFileReference; lastKnownFileType = image.pdf; name = poisson.pdf; path = Resources/easterEggs/poisson.pdf; sourceTree = "<group>"; };
		9344D8250825808900B17B37 /* LibraryCell.h */ = {isa = PBXFileReference; fileEncoding = 4; lastKnownFileType = sourcecode.c.h; path = LibraryCell.h; sourceTree = "<group>"; };
		9344D8260825808900B17B37 /* LibraryCell.m */ = {isa = PBXFileReference; fileEncoding = 4; lastKnownFileType = sourcecode.c.objc; path = LibraryCell.m; sourceTree = "<group>"; };
		9344D89F082587ED00B17B37 /* LibraryFolder.h */ = {isa = PBXFileReference; fileEncoding = 4; lastKnownFileType = sourcecode.c.h; path = LibraryFolder.h; sourceTree = "<group>"; };
		9344D8A0082587ED00B17B37 /* LibraryFolder.m */ = {isa = PBXFileReference; fileEncoding = 4; lastKnownFileType = sourcecode.c.objc; path = LibraryFolder.m; sourceTree = "<group>"; };
		935A8349084EFF11005724CE /* NSApplicationExtended.h */ = {isa = PBXFileReference; fileEncoding = 4; lastKnownFileType = sourcecode.c.h; path = NSApplicationExtended.h; sourceTree = "<group>"; };
		935A834A084EFF11005724CE /* NSApplicationExtended.m */ = {isa = PBXFileReference; fileEncoding = 4; lastKnownFileType = sourcecode.c.objc; path = NSApplicationExtended.m; sourceTree = "<group>"; };
		935A85EB084F4DEF005724CE /* Licence_CeCILL_V2-fr.txt */ = {isa = PBXFileReference; fileEncoding = 30; lastKnownFileType = text; name = "Licence_CeCILL_V2-fr.txt"; path = "Resources/documentation/Licence_CeCILL_V2-fr.txt"; sourceTree = "<group>"; };
		935A85EC084F4DEF005724CE /* Licence_CeCILL_V2-en.txt */ = {isa = PBXFileReference; fileEncoding = 30; lastKnownFileType = text; name = "Licence_CeCILL_V2-en.txt"; path = "Resources/documentation/Licence_CeCILL_V2-en.txt"; sourceTree = "<group>"; };
		936A2C5B09C9A0CC00310E33 /* BorderlessPanel.h */ = {isa = PBXFileReference; fileEncoding = 5; lastKnownFileType = sourcecode.c.h; path = BorderlessPanel.h; sourceTree = "<group>"; };
		936A2C5C09C9A0CC00310E33 /* BorderlessPanel.m */ = {isa = PBXFileReference; fileEncoding = 5; lastKnownFileType = sourcecode.c.objc; path = BorderlessPanel.m; sourceTree = "<group>"; };
		936C331C0C0DF0D10082F86D /* Semaphore.m */ = {isa = PBXFileReference; fileEncoding = 5; lastKnownFileType = sourcecode.c.objc; path = Semaphore.m; sourceTree = "<group>"; };
		936C331D0C0DF0D10082F86D /* Semaphore.h */ = {isa = PBXFileReference; fileEncoding = 5; lastKnownFileType = sourcecode.c.h; path = Semaphore.h; sourceTree = "<group>"; };
		9372A1F2087819EF00A3A645 /* MarginController.h */ = {isa = PBXFileReference; fileEncoding = 4; lastKnownFileType = sourcecode.c.h; path = MarginController.h; sourceTree = "<group>"; };
		9372A1F3087819EF00A3A645 /* MarginController.m */ = {isa = PBXFileReference; fileEncoding = 4; lastKnownFileType = sourcecode.c.objc; path = MarginController.m; sourceTree = "<group>"; };
		9372A26A08781EC800A3A645 /* English */ = {isa = PBXFileReference; lastKnownFileType = wrapper.nib; name = English; path = English.lproj/Margin.nib; sourceTree = "<group>"; };
		9372A2F50878280700A3A645 /* French */ = {isa = PBXFileReference; lastKnownFileType = wrapper.nib; name = French; path = French.lproj/Margin.nib; sourceTree = "<group>"; };
		93773C2107FFF2B6004AAB30 /* warning.tiff */ = {isa = PBXFileReference; lastKnownFileType = image.tiff; name = warning.tiff; path = Resources/interface/warning.tiff; sourceTree = "<group>"; };
		93773C3207FFF541004AAB30 /* French */ = {isa = PBXFileReference; lastKnownFileType = wrapper.nib; name = French; path = French.lproj/MainMenu.nib; sourceTree = "<group>"; };
		93773C3307FFF547004AAB30 /* French */ = {isa = PBXFileReference; lastKnownFileType = wrapper.nib; name = French; path = French.lproj/MyDocument.nib; sourceTree = "<group>"; };
		93773C3407FFF54D004AAB30 /* French */ = {isa = PBXFileReference; lastKnownFileType = wrapper.nib; name = French; path = French.lproj/Preferences.nib; sourceTree = "<group>"; };
		93773C4607FFF6FB004AAB30 /* French */ = {isa = PBXFileReference; fileEncoding = 4; lastKnownFileType = text.plist.strings; name = French; path = French.lproj/Localizable.strings; sourceTree = "<group>"; };
		93773C4707FFF704004AAB30 /* French */ = {isa = PBXFileReference; lastKnownFileType = text.rtf; name = French; path = French.lproj/Credits.rtf; sourceTree = "<group>"; };
		93773C4907FFF713004AAB30 /* French */ = {isa = PBXFileReference; fileEncoding = 10; lastKnownFileType = text.plist.strings; name = French; path = French.lproj/InfoPlist.strings; sourceTree = "<group>"; };
		938875420C0A4FC3007E93C2 /* SystemTask.m */ = {isa = PBXFileReference; fileEncoding = 5; lastKnownFileType = sourcecode.c.objc; path = SystemTask.m; sourceTree = "<group>"; };
		938875430C0A4FC3007E93C2 /* SystemTask.h */ = {isa = PBXFileReference; fileEncoding = 5; lastKnownFileType = sourcecode.c.h; path = SystemTask.h; sourceTree = "<group>"; };
		939A644F080027EA00AE4486 /* English */ = {isa = PBXFileReference; fileEncoding = 4; lastKnownFileType = text.plist.strings; name = English; path = English.lproj/ServicesMenu.strings; sourceTree = "<group>"; };
		939A64590800281C00AE4486 /* French */ = {isa = PBXFileReference; fileEncoding = 4; lastKnownFileType = text.plist.strings; name = French; path = French.lproj/ServicesMenu.strings; sourceTree = "<group>"; };
		93A592C807F46075001DF900 /* Licence.rtf */ = {isa = PBXFileReference; lastKnownFileType = text.rtf; name = Licence.rtf; path = Resources/documentation/Licence.rtf; sourceTree = "<group>"; };
		93A592C907F46075001DF900 /* Lisez-moi.rtfd */ = {isa = PBXFileReference; lastKnownFileType = wrapper.rtfd; name = "Lisez-moi.rtfd"; path = "Resources/documentation/Lisez-moi.rtfd"; sourceTree = "<group>"; };
		93A592CA07F46075001DF900 /* Read Me.rtfd */ = {isa = PBXFileReference; lastKnownFileType = wrapper.rtfd; name = "Read Me.rtfd"; path = "Resources/documentation/Read Me.rtfd"; sourceTree = "<group>"; };
		93AD08B608A2D2CE0045B7F9 /* EncapsulationTableView.m */ = {isa = PBXFileReference; fileEncoding = 5; lastKnownFileType = sourcecode.c.objc; path = EncapsulationTableView.m; sourceTree = "<group>"; };
		93AD08B708A2D2CE0045B7F9 /* EncapsulationTableView.h */ = {isa = PBXFileReference; fileEncoding = 5; lastKnownFileType = sourcecode.c.h; path = EncapsulationTableView.h; sourceTree = "<group>"; };
		93B2133C0BBC1D6100EFCA2F /* current-version-fr.rtf */ = {isa = PBXFileReference; lastKnownFileType = text.rtf; name = "current-version-fr.rtf"; path = "Resources/documentation/current-version-fr.rtf"; sourceTree = "<group>"; };
		93B2133E0BBC1D6800EFCA2F /* current-version-en.rtf */ = {isa = PBXFileReference; lastKnownFileType = text.rtf; name = "current-version-en.rtf"; path = "Resources/documentation/current-version-en.rtf"; sourceTree = "<group>"; };
		93B2133F0BBC1D6800EFCA2F /* current-version-de.rtf */ = {isa = PBXFileReference; lastKnownFileType = text.rtf; name = "current-version-de.rtf"; path = "Resources/documentation/current-version-de.rtf"; sourceTree = "<group>"; };
		93B213400BBC1D6800EFCA2F /* current-version-es.rtf */ = {isa = PBXFileReference; lastKnownFileType = text.rtf; name = "current-version-es.rtf"; path = "Resources/documentation/current-version-es.rtf"; sourceTree = "<group>"; };
		93B213440BBC1D7200EFCA2F /* Spanish */ = {isa = PBXFileReference; lastKnownFileType = text.rtf; name = Spanish; path = Spanish.lproj/Credits.rtf; sourceTree = "<group>"; };
		93B213670BBC1D7D00EFCA2F /* Léeme.rtfd */ = {isa = PBXFileReference; lastKnownFileType = wrapper.rtfd; name = "Léeme.rtfd"; path = "Resources/documentation/Léeme.rtfd"; sourceTree = "<group>"; };
		93B213690BBC1D8600EFCA2F /* Spanish */ = {isa = PBXFileReference; lastKnownFileType = text.plist.strings; name = Spanish; path = Spanish.lproj/InfoPlist.strings; sourceTree = "<group>"; };
		93B2136C0BBC1D8C00EFCA2F /* Spanish */ = {isa = PBXFileReference; lastKnownFileType = text.plist.strings; name = Spanish; path = Spanish.lproj/Localizable.strings; sourceTree = "<group>"; };
		93B2136F0BBC1D9100EFCA2F /* Spanish */ = {isa = PBXFileReference; lastKnownFileType = text.plist.strings; name = Spanish; path = Spanish.lproj/ServicesMenu.strings; sourceTree = "<group>"; };
		93B213720BBC1D9900EFCA2F /* Spanish */ = {isa = PBXFileReference; lastKnownFileType = wrapper.nib; name = Spanish; path = Spanish.lproj/CompositionConfiguration.nib; sourceTree = "<group>"; };
		93B213750BBC1DA000EFCA2F /* Spanish */ = {isa = PBXFileReference; lastKnownFileType = wrapper.nib; name = Spanish; path = Spanish.lproj/Library.nib; sourceTree = "<group>"; };
		93B213760BBC1DA700EFCA2F /* Spanish */ = {isa = PBXFileReference; lastKnownFileType = wrapper.nib; name = Spanish; path = Spanish.lproj/History.nib; sourceTree = "<group>"; };
		93B213790BBC1DAE00EFCA2F /* Spanish */ = {isa = PBXFileReference; lastKnownFileType = wrapper.nib; name = Spanish; path = Spanish.lproj/LatexPalettes.nib; sourceTree = "<group>"; };
		93B2137C0BBC1DB400EFCA2F /* Spanish */ = {isa = PBXFileReference; lastKnownFileType = wrapper.nib; name = Spanish; path = Spanish.lproj/Encapsulation.nib; sourceTree = "<group>"; };
		93B2137F0BBC1DBB00EFCA2F /* Spanish */ = {isa = PBXFileReference; lastKnownFileType = wrapper.nib; name = Spanish; path = Spanish.lproj/MainMenu.nib; sourceTree = "<group>"; };
		93B213800BBC1DC400EFCA2F /* Spanish */ = {isa = PBXFileReference; lastKnownFileType = wrapper.nib; name = Spanish; path = Spanish.lproj/Margin.nib; sourceTree = "<group>"; };
		93B213810BBC1DCA00EFCA2F /* Spanish */ = {isa = PBXFileReference; lastKnownFileType = wrapper.nib; name = Spanish; path = Spanish.lproj/MyDocument.nib; sourceTree = "<group>"; };
		93B213820BBC1DD000EFCA2F /* Spanish */ = {isa = PBXFileReference; lastKnownFileType = wrapper.nib; name = Spanish; path = Spanish.lproj/Preferences.nib; sourceTree = "<group>"; };
		93B528AC089FFC2B00F14B77 /* add.tiff */ = {isa = PBXFileReference; lastKnownFileType = image.tiff; name = add.tiff; path = Resources/interface/add.tiff; sourceTree = "<group>"; };
		93B528AD089FFC2B00F14B77 /* add-pressed.tiff */ = {isa = PBXFileReference; lastKnownFileType = image.tiff; name = "add-pressed.tiff"; path = "Resources/interface/add-pressed.tiff"; sourceTree = "<group>"; };
		93B528AE089FFC2B00F14B77 /* remove-pressed.tiff */ = {isa = PBXFileReference; lastKnownFileType = image.tiff; name = "remove-pressed.tiff"; path = "Resources/interface/remove-pressed.tiff"; sourceTree = "<group>"; };
		93B528AF089FFC2B00F14B77 /* remove.tiff */ = {isa = PBXFileReference; lastKnownFileType = image.tiff; name = remove.tiff; path = Resources/interface/remove.tiff; sourceTree = "<group>"; };
		93C2A1D707ED9CFA00AFBDC0 /* LogTableView.h */ = {isa = PBXFileReference; fileEncoding = 4; lastKnownFileType = sourcecode.c.h; path = LogTableView.h; sourceTree = "<group>"; };
		93C2A1D807ED9CFA00AFBDC0 /* LogTableView.m */ = {isa = PBXFileReference; fileEncoding = 4; lastKnownFileType = sourcecode.c.objc; path = LogTableView.m; sourceTree = "<group>"; };
		93CD21DB0827E9230079C367 /* NSMutableArrayExtended.h */ = {isa = PBXFileReference; fileEncoding = 4; lastKnownFileType = sourcecode.c.h; path = NSMutableArrayExtended.h; sourceTree = "<group>"; };
		93CD21DC0827E9230079C367 /* NSMutableArrayExtended.m */ = {isa = PBXFileReference; fileEncoding = 4; lastKnownFileType = sourcecode.c.objc; path = NSMutableArrayExtended.m; sourceTree = "<group>"; };
		93D4E3EF09C821A700736816 /* Utils.m */ = {isa = PBXFileReference; fileEncoding = 5; lastKnownFileType = sourcecode.c.objc; path = Utils.m; sourceTree = "<group>"; };
		93D4E3F009C821A700736816 /* Utils.h */ = {isa = PBXFileReference; fileEncoding = 5; lastKnownFileType = sourcecode.c.h; path = Utils.h; sourceTree = "<group>"; };
		93D6BA1B082941900081D58A /* NSArrayExtended.h */ = {isa = PBXFileReference; fileEncoding = 4; lastKnownFileType = sourcecode.c.h; path = NSArrayExtended.h; sourceTree = "<group>"; };
		93D6BA1C082941900081D58A /* NSArrayExtended.m */ = {isa = PBXFileReference; fileEncoding = 4; lastKnownFileType = sourcecode.c.objc; path = NSArrayExtended.m; sourceTree = "<group>"; };
		93D7CB1F09D36C870001DC5E /* CompositionConfigurationController.m */ = {isa = PBXFileReference; fileEncoding = 5; lastKnownFileType = sourcecode.c.objc; path = CompositionConfigurationController.m; sourceTree = "<group>"; };
		93D7CB2009D36C870001DC5E /* CompositionConfigurationTableView.h */ = {isa = PBXFileReference; fileEncoding = 5; lastKnownFileType = sourcecode.c.h; path = CompositionConfigurationTableView.h; sourceTree = "<group>"; };
		93D7CB2109D36C870001DC5E /* CompositionConfigurationManager.h */ = {isa = PBXFileReference; fileEncoding = 5; lastKnownFileType = sourcecode.c.h; path = CompositionConfigurationManager.h; sourceTree = "<group>"; };
		93D7CB2209D36C870001DC5E /* CompositionConfigurationManager.m */ = {isa = PBXFileReference; fileEncoding = 5; lastKnownFileType = sourcecode.c.objc; path = CompositionConfigurationManager.m; sourceTree = "<group>"; };
		93D7CB2309D36C870001DC5E /* CompositionConfigurationController.h */ = {isa = PBXFileReference; fileEncoding = 5; lastKnownFileType = sourcecode.c.h; path = CompositionConfigurationController.h; sourceTree = "<group>"; };
		93D7CB2409D36C870001DC5E /* CompositionConfigurationTableView.m */ = {isa = PBXFileReference; fileEncoding = 5; lastKnownFileType = sourcecode.c.objc; path = CompositionConfigurationTableView.m; sourceTree = "<group>"; };
		93D7CB7709D36DC10001DC5E /* English */ = {isa = PBXFileReference; lastKnownFileType = wrapper.nib; name = English; path = English.lproj/CompositionConfiguration.nib; sourceTree = "<group>"; };
		93D7CB7809D36DC10001DC5E /* French */ = {isa = PBXFileReference; lastKnownFileType = wrapper.nib; name = French; path = French.lproj/CompositionConfiguration.nib; sourceTree = "<group>"; };
		93E8196F087969BE0081B897 /* NSSegmentedControlExtended.h */ = {isa = PBXFileReference; fileEncoding = 4; lastKnownFileType = sourcecode.c.h; path = NSSegmentedControlExtended.h; sourceTree = "<group>"; };
		93E81970087969BE0081B897 /* NSSegmentedControlExtended.m */ = {isa = PBXFileReference; fileEncoding = 4; lastKnownFileType = sourcecode.c.objc; path = NSSegmentedControlExtended.m; sourceTree = "<group>"; };
		93E81A9F087978AD0081B897 /* NSFontExtended.h */ = {isa = PBXFileReference; fileEncoding = 4; lastKnownFileType = sourcecode.c.h; path = NSFontExtended.h; sourceTree = "<group>"; };
		93E81AA0087978AD0081B897 /* NSFontExtended.m */ = {isa = PBXFileReference; fileEncoding = 4; lastKnownFileType = sourcecode.c.objc; path = NSFontExtended.m; sourceTree = "<group>"; };
		93EE114807F2F607009E1F36 /* HistoryCell.h */ = {isa = PBXFileReference; fileEncoding = 4; lastKnownFileType = sourcecode.c.h; path = HistoryCell.h; sourceTree = "<group>"; };
		93EE114907F2F607009E1F36 /* HistoryCell.m */ = {isa = PBXFileReference; fileEncoding = 4; lastKnownFileType = sourcecode.c.objc; path = HistoryCell.m; sourceTree = "<group>"; };
		93EF9D1C07EF7B6A0003FA6E /* HistoryItem.h */ = {isa = PBXFileReference; fileEncoding = 4; lastKnownFileType = sourcecode.c.h; path = HistoryItem.h; sourceTree = "<group>"; };
		93EF9D1D07EF7B6A0003FA6E /* HistoryItem.m */ = {isa = PBXFileReference; fileEncoding = 4; lastKnownFileType = sourcecode.c.objc; path = HistoryItem.m; sourceTree = "<group>"; };
		93EF9D2007EF7B740003FA6E /* HistoryManager.h */ = {isa = PBXFileReference; fileEncoding = 4; lastKnownFileType = sourcecode.c.h; path = HistoryManager.h; sourceTree = "<group>"; };
		93EF9D2107EF7B740003FA6E /* HistoryManager.m */ = {isa = PBXFileReference; fileEncoding = 4; lastKnownFileType = sourcecode.c.objc; path = HistoryManager.m; sourceTree = "<group>"; };
		93EFDB9C088FF163000156A3 /* NSStringExtended.h */ = {isa = PBXFileReference; fileEncoding = 5; lastKnownFileType = sourcecode.c.h; path = NSStringExtended.h; sourceTree = "<group>"; };
		93EFDB9D088FF163000156A3 /* NSStringExtended.m */ = {isa = PBXFileReference; fileEncoding = 5; lastKnownFileType = sourcecode.c.objc; path = NSStringExtended.m; sourceTree = "<group>"; };
		93F0008E09885B310064888E /* view-icons.tiff */ = {isa = PBXFileReference; lastKnownFileType = image.tiff; name = "view-icons.tiff"; path = "Resources/interface/view-icons.tiff"; sourceTree = "<group>"; };
		93F0008F09885B310064888E /* view-titles.tiff */ = {isa = PBXFileReference; lastKnownFileType = image.tiff; name = "view-titles.tiff"; path = "Resources/interface/view-titles.tiff"; sourceTree = "<group>"; };
		93F0009209885B550064888E /* big-folder-icon.tiff */ = {isa = PBXFileReference; lastKnownFileType = image.tiff; name = "big-folder-icon.tiff"; path = "Resources/interface/big-folder-icon.tiff"; sourceTree = "<group>"; };
		93F16CAC089FC1D800FF7B94 /* English */ = {isa = PBXFileReference; lastKnownFileType = wrapper.nib; name = English; path = English.lproj/LatexPalettes.nib; sourceTree = "<group>"; };
		93F16CAE089FC1E700FF7B94 /* French */ = {isa = PBXFileReference; lastKnownFileType = wrapper.nib; name = French; path = French.lproj/LatexPalettes.nib; sourceTree = "<group>"; };
		93F16CCC089FC25200FF7B94 /* LatexPalettesController.h */ = {isa = PBXFileReference; fileEncoding = 5; lastKnownFileType = sourcecode.c.h; path = LatexPalettesController.h; sourceTree = "<group>"; };
		93F16CCD089FC25200FF7B94 /* LatexPalettesController.m */ = {isa = PBXFileReference; fileEncoding = 5; lastKnownFileType = sourcecode.c.objc; path = LatexPalettesController.m; sourceTree = "<group>"; };
		93F2C6D70A31A88C0009FB59 /* latex-keywords.plist */ = {isa = PBXFileReference; fileEncoding = 5; lastKnownFileType = text.xml; name = "latex-keywords.plist"; path = "Resources/latex-keywords/latex-keywords.plist"; sourceTree = "<group>"; };
		93F2C6D80A31A88C0009FB59 /* convert */ = {isa = PBXFileReference; fileEncoding = 5; lastKnownFileType = text.script.sh; name = convert; path = "Resources/latex-keywords/convert"; sourceTree = "<group>"; };
		93F350200952AF2300DDFD09 /* SMLSyntaxColouring.m */ = {isa = PBXFileReference; fileEncoding = 5; lastKnownFileType = sourcecode.c.objc; path = SMLSyntaxColouring.m; sourceTree = "<group>"; };
		93F350210952AF2300DDFD09 /* SMLSyntaxColouring.h */ = {isa = PBXFileReference; fileEncoding = 5; lastKnownFileType = sourcecode.c.h; path = SMLSyntaxColouring.h; sourceTree = "<group>"; };
		93F350410952AFC400DDFD09 /* advancedToolbarItem.tiff */ = {isa = PBXFileReference; lastKnownFileType = image.tiff; path = advancedToolbarItem.tiff; sourceTree = "<group>"; };
		93F350420952AFC400DDFD09 /* compositionToolbarItem.tiff */ = {isa = PBXFileReference; lastKnownFileType = image.tiff; path = compositionToolbarItem.tiff; sourceTree = "<group>"; };
		93F350430952AFC400DDFD09 /* editionToolbarItem.tiff */ = {isa = PBXFileReference; lastKnownFileType = image.tiff; path = editionToolbarItem.tiff; sourceTree = "<group>"; };
		93F350440952AFC400DDFD09 /* generalToolbarItem.tiff */ = {isa = PBXFileReference; lastKnownFileType = image.tiff; path = generalToolbarItem.tiff; sourceTree = "<group>"; };
		93F350450952AFC400DDFD09 /* preambleToolbarItem.tiff */ = {isa = PBXFileReference; lastKnownFileType = image.tiff; path = preambleToolbarItem.tiff; sourceTree = "<group>"; };
		93F350460952AFC400DDFD09 /* serviceToolbarItem.tiff */ = {isa = PBXFileReference; lastKnownFileType = image.tiff; path = serviceToolbarItem.tiff; sourceTree = "<group>"; };
		93F350470952AFC400DDFD09 /* webToolbarItem.tiff */ = {isa = PBXFileReference; lastKnownFileType = image.tiff; path = webToolbarItem.tiff; sourceTree = "<group>"; };
		93F3506C0952B08700DDFD09 /* tex.plist */ = {isa = PBXFileReference; fileEncoding = 5; lastKnownFileType = text.xml; name = tex.plist; path = Resources/tex.plist; sourceTree = "<group>"; };
		93F6D53F09CE9B10002ED258 /* magnifying-glass.png */ = {isa = PBXFileReference; lastKnownFileType = image.png; name = "magnifying-glass.png"; path = "Resources/interface/magnifying-glass.png"; sourceTree = "<group>"; };
		93F73E8D0899092A00EFFA5E /* EncapsulationController.h */ = {isa = PBXFileReference; fileEncoding = 5; lastKnownFileType = sourcecode.c.h; path = EncapsulationController.h; sourceTree = "<group>"; };
		93F73E8E0899092A00EFFA5E /* EncapsulationController.m */ = {isa = PBXFileReference; fileEncoding = 5; lastKnownFileType = sourcecode.c.objc; path = EncapsulationController.m; sourceTree = "<group>"; };
		93F73E9C0899095F00EFFA5E /* English */ = {isa = PBXFileReference; lastKnownFileType = wrapper.nib; name = English; path = English.lproj/Encapsulation.nib; sourceTree = "<group>"; };
		93F73E9E0899096A00EFFA5E /* French */ = {isa = PBXFileReference; lastKnownFileType = wrapper.nib; name = French; path = French.lproj/Encapsulation.nib; sourceTree = "<group>"; };
		93F9DEAD08A2D96C005DEBF6 /* English */ = {isa = PBXFileReference; lastKnownFileType = wrapper.nib; name = English; path = English.lproj/Library.nib; sourceTree = "<group>"; };
		93F9DEAF08A2D96C005DEBF6 /* English */ = {isa = PBXFileReference; lastKnownFileType = wrapper.nib; name = English; path = English.lproj/History.nib; sourceTree = "<group>"; };
		93F9DEB208A2D985005DEBF6 /* French */ = {isa = PBXFileReference; lastKnownFileType = wrapper.nib; name = French; path = French.lproj/Library.nib; sourceTree = "<group>"; };
		93F9DEB308A2D985005DEBF6 /* French */ = {isa = PBXFileReference; lastKnownFileType = wrapper.nib; name = French; path = French.lproj/History.nib; sourceTree = "<group>"; };
/* End PBXFileReference section */

/* Begin PBXFrameworksBuildPhase section */
		8D15AC330486D014006FF6A4 /* Frameworks */ = {
			isa = PBXFrameworksBuildPhase;
			buildActionMask = 2147483647;
			files = (
				938E244B0889C392000626E6 /* AppKit.framework in Frameworks */,
				8D15AC340486D014006FF6A4 /* Cocoa.framework in Frameworks */,
				938E23A70889C38D000626E6 /* Foundation.framework in Frameworks */,
				938E24BA0889C730000626E6 /* LinkBack-panther.framework in Frameworks */,
				9308AC5A088CF2FB0062A340 /* Carbon.framework in Frameworks */,
			);
			runOnlyForDeploymentPostprocessing = 0;
		};
/* End PBXFrameworksBuildPhase section */

/* Begin PBXGroup section */
		1058C7A6FEA54F5311CA2CBB /* Linked Frameworks */ = {
			isa = PBXGroup;
			children = (
				93197FB7087D166E00C2E678 /* LinkBack-panther.framework */,
				1058C7A7FEA54F5311CA2CBB /* Cocoa.framework */,
			);
			name = "Linked Frameworks";
			sourceTree = "<group>";
		};
		1058C7A8FEA54F5311CA2CBB /* Other Frameworks */ = {
			isa = PBXGroup;
			children = (
				2A37F4C4FDCFA73011CA2CEA /* AppKit.framework */,
				9308AC59088CF2FB0062A340 /* Carbon.framework */,
				2A37F4C5FDCFA73011CA2CEA /* Foundation.framework */,
			);
			name = "Other Frameworks";
			sourceTree = "<group>";
		};
		19C28FB0FE9D524F11CA2CBB /* Products */ = {
			isa = PBXGroup;
			children = (
				8D15AC370486D014006FF6A4 /* LaTeXiT.app */,
			);
			name = Products;
			sourceTree = "<group>";
		};
		2A37F4AAFDCFA73011CA2CEA /* LaTeXiT */ = {
			isa = PBXGroup;
			children = (
				2A37F4ABFDCFA73011CA2CEA /* Classes */,
				2A37F4AFFDCFA73011CA2CEA /* Other Sources */,
				2A37F4B8FDCFA73011CA2CEA /* Resources */,
				2A37F4C3FDCFA73011CA2CEA /* Frameworks */,
				19C28FB0FE9D524F11CA2CBB /* Products */,
			);
			name = LaTeXiT;
			sourceTree = "<group>";
		};
		2A37F4ABFDCFA73011CA2CEA /* Classes */ = {
			isa = PBXGroup;
			children = (
				93D7CB1B09D36C6D0001DC5E /* CompositionConfiguration */,
				93344CB708251C9000F00A49 /* CocoaExtensions */,
				93F73E870899091300EFFA5E /* Encapsulation */,
				93EF9D1B07EF7B5C0003FA6E /* History */,
				9324D3EE08A6453D0010DB95 /* Interface */,
				93A5972207F479B8001DF900 /* LatexPalettes */,
				9344D76D08257B1600B17B37 /* Library */,
				9372A1FA08781A0F00A3A645 /* Margins */,
				9315A44A07FD30E800AFCCE9 /* Preferences */,
				9302548807F0BC7600011996 /* Utils */,
				930BC29807ECBC3C00EEB238 /* AppController.h */,
				930BC29907ECBC3C00EEB238 /* AppController.m */,
				2A37F4AEFDCFA73011CA2CEA /* MyDocument.h */,
				2A37F4ACFDCFA73011CA2CEA /* MyDocument.m */,
				930BC2A707ECBD6500EEB238 /* MyImageView.h */,
				930BC2A807ECBD6500EEB238 /* MyImageView.m */,
			);
			name = Classes;
			sourceTree = "<group>";
		};
		2A37F4AFFDCFA73011CA2CEA /* Other Sources */ = {
			isa = PBXGroup;
			children = (
				32DBCF750370BD2300C91783 /* LaTeXiT_Prefix.pch */,
				2A37F4B0FDCFA73011CA2CEA /* main.m */,
			);
			name = "Other Sources";
			sourceTree = "<group>";
		};
		2A37F4B8FDCFA73011CA2CEA /* Resources */ = {
			isa = PBXGroup;
			children = (
				93019F15086C765800A2A9E7 /* Documentation */,
				93019F14086C763600A2A9E7 /* Icons */,
				93F2C6C20A31A8760009FB59 /* latex-keywords */,
				9310302F0C116A5C000BECED /* palettes */,
				93F3506C0952B08700DDFD09 /* tex.plist */,
				8D15AC360486D014006FF6A4 /* Info.plist */,
				089C165FFE840EACC02AAC07 /* InfoPlist.strings */,
				930255CF07F0C2A800011996 /* Localizable.strings */,
				939A64570800281900AE4486 /* ServicesMenu.strings */,
				93D7CB7609D36DC10001DC5E /* CompositionConfiguration.nib */,
				93F9DEAC08A2D96C005DEBF6 /* Library.nib */,
				93F9DEAE08A2D96C005DEBF6 /* History.nib */,
				93F16CAB089FC1D800FF7B94 /* LatexPalettes.nib */,
				93F73E9B0899095F00EFFA5E /* Encapsulation.nib */,
				2A37F4B6FDCFA73011CA2CEA /* MainMenu.nib */,
				9372A2F3087827FF00A3A645 /* Margin.nib */,
				2A37F4B4FDCFA73011CA2CEA /* MyDocument.nib */,
				9315A45007FD331800AFCCE9 /* Preferences.nib */,
			);
			name = Resources;
			sourceTree = "<group>";
		};
		2A37F4C3FDCFA73011CA2CEA /* Frameworks */ = {
			isa = PBXGroup;
			children = (
				1058C7A6FEA54F5311CA2CBB /* Linked Frameworks */,
				1058C7A8FEA54F5311CA2CBB /* Other Frameworks */,
			);
			name = Frameworks;
			sourceTree = "<group>";
		};
		93019F14086C763600A2A9E7 /* Icons */ = {
			isa = PBXGroup;
			children = (
				934497E708A520E400CE2E61 /* easterEggs */,
				93D06AF30990BE4400C484B8 /* file-icons */,
				93D06AF50990BE6700C484B8 /* interface */,
				93F350400952AFC400DDFD09 /* toolbarItems */,
			);
			name = Icons;
			sourceTree = "<group>";
		};
		93019F15086C765800A2A9E7 /* Documentation */ = {
			isa = PBXGroup;
			children = (
				93B2133C0BBC1D6100EFCA2F /* current-version-fr.rtf */,
				93B2133E0BBC1D6800EFCA2F /* current-version-en.rtf */,
				93B2133F0BBC1D6800EFCA2F /* current-version-de.rtf */,
				93B213400BBC1D6800EFCA2F /* current-version-es.rtf */,
				2A37F4B9FDCFA73011CA2CEA /* Credits.rtf */,
				93A592C907F46075001DF900 /* Lisez-moi.rtfd */,
				93A592CA07F46075001DF900 /* Read Me.rtfd */,
				9340E8EE0AD166CF00D52E57 /* Lies mich.rtfd */,
				93B213670BBC1D7D00EFCA2F /* Léeme.rtfd */,
				93A592C807F46075001DF900 /* Licence.rtf */,
				935A85EB084F4DEF005724CE /* Licence_CeCILL_V2-fr.txt */,
				935A85EC084F4DEF005724CE /* Licence_CeCILL_V2-en.txt */,
			);
			name = Documentation;
			sourceTree = "<group>";
		};
		9302548807F0BC7600011996 /* Utils */ = {
			isa = PBXGroup;
			children = (
				9302547F07F0BC6A00011996 /* Compressor.h */,
				9302547E07F0BC6A00011996 /* Compressor.m */,
				9308AC30088CF2850062A340 /* IconFamily.h */,
				9308AC31088CF2850062A340 /* IconFamily.m */,
				9308AC2E088CF2850062A340 /* NSString+CarbonFSSpecCreation.h */,
				9308AC2F088CF2850062A340 /* NSString+CarbonFSSpecCreation.m */,
				936C331D0C0DF0D10082F86D /* Semaphore.h */,
				936C331C0C0DF0D10082F86D /* Semaphore.m */,
				938875430C0A4FC3007E93C2 /* SystemTask.h */,
				938875420C0A4FC3007E93C2 /* SystemTask.m */,
				93D4E3F009C821A700736816 /* Utils.h */,
				93D4E3EF09C821A700736816 /* Utils.m */,
			);
			name = Utils;
			sourceTree = "<group>";
		};
		9308E22807EE3ED500DD1B5F /* LineCount */ = {
			isa = PBXGroup;
			children = (
				9308E1E707EE3A5900DD1B5F /* LineCountTextView.h */,
				9308E1E807EE3A5900DD1B5F /* LineCountTextView.m */,
				930AC4E107EDEEF400AC66FA /* LineCountRulerView.h */,
				930AC4E207EDEEF400AC66FA /* LineCountRulerView.m */,
				93F350210952AF2300DDFD09 /* SMLSyntaxColouring.h */,
				93F350200952AF2300DDFD09 /* SMLSyntaxColouring.m */,
			);
			name = LineCount;
			sourceTree = "<group>";
		};
		9315A44A07FD30E800AFCCE9 /* Preferences */ = {
			isa = PBXGroup;
			children = (
				9340E9270AD1673F00D52E57 /* ServiceShortcuts */,
				9340E9280AD1674B00D52E57 /* TextShortcuts */,
				9315A59907FD36BD00AFCCE9 /* PreferencesController.h */,
				9315A59807FD36BD00AFCCE9 /* PreferencesController.m */,
			);
			name = Preferences;
			sourceTree = "<group>";
		};
		9324D3EE08A6453D0010DB95 /* Interface */ = {
			isa = PBXGroup;
			children = (
				9308E22807EE3ED500DD1B5F /* LineCount */,
				936A2C5B09C9A0CC00310E33 /* BorderlessPanel.h */,
				936A2C5C09C9A0CC00310E33 /* BorderlessPanel.m */,
				9324D3F308A645500010DB95 /* ButtonNotClickThrough.h */,
				9324D3F408A645500010DB95 /* ButtonNotClickThrough.m */,
				931D5DFA08A15B6500573DD8 /* ImagePopupButton.h */,
				931D5DF908A15B6500573DD8 /* ImagePopupButton.m */,
				93C2A1D707ED9CFA00AFBDC0 /* LogTableView.h */,
				93C2A1D807ED9CFA00AFBDC0 /* LogTableView.m */,
			);
			name = Interface;
			sourceTree = "<group>";
		};
		93344CB708251C9000F00A49 /* CocoaExtensions */ = {
			isa = PBXGroup;
			children = (
				935A8349084EFF11005724CE /* NSApplicationExtended.h */,
				935A834A084EFF11005724CE /* NSApplicationExtended.m */,
				93D6BA1B082941900081D58A /* NSArrayExtended.h */,
				93D6BA1C082941900081D58A /* NSArrayExtended.m */,
				9331016F083D1D6400DE67ED /* NSColorExtended.h */,
				93310170083D1D6400DE67ED /* NSColorExtended.m */,
				93E81A9F087978AD0081B897 /* NSFontExtended.h */,
				93E81AA0087978AD0081B897 /* NSFontExtended.m */,
				9304224A082975ED00F2B555 /* NSIndexSetExtended.h */,
				9304224B082975ED00F2B555 /* NSIndexSetExtended.m */,
				93CD21DB0827E9230079C367 /* NSMutableArrayExtended.h */,
				93CD21DC0827E9230079C367 /* NSMutableArrayExtended.m */,
				932BA84F096156B1004EECBA /* NSPopUpButtonExtended.h */,
				932BA850096156B1004EECBA /* NSPopUpButtonExtended.m */,
				93E8196F087969BE0081B897 /* NSSegmentedControlExtended.h */,
				93E81970087969BE0081B897 /* NSSegmentedControlExtended.m */,
				93EFDB9C088FF163000156A3 /* NSStringExtended.h */,
				93EFDB9D088FF163000156A3 /* NSStringExtended.m */,
				93344CB308251BD500F00A49 /* NSTaskExtended.h */,
				93344CB408251BD500F00A49 /* NSTaskExtended.m */,
				9308AD09088CF3D50062A340 /* NSWorkspaceExtended.h */,
				9308AD0A088CF3D50062A340 /* NSWorkspaceExtended.m */,
			);
			name = CocoaExtensions;
			sourceTree = "<group>";
		};
		9340E9270AD1673F00D52E57 /* ServiceShortcuts */ = {
			isa = PBXGroup;
			children = (
				9340E9100AD1670B00D52E57 /* ServiceShortcutsTableView.h */,
				9340E90F0AD1670B00D52E57 /* ServiceShortcutsTableView.m */,
				9340E90E0AD1670B00D52E57 /* ServiceShortcutsTextView.h */,
				9340E90D0AD1670B00D52E57 /* ServiceShortcutsTextView.m */,
			);
			name = ServiceShortcuts;
			sourceTree = "<group>";
		};
		9340E9280AD1674B00D52E57 /* TextShortcuts */ = {
			isa = PBXGroup;
			children = (
				9340E92F0AD1676400D52E57 /* TextShortcutsController.h */,
				9340E92E0AD1676400D52E57 /* TextShortcutsController.m */,
				9340E92D0AD1676400D52E57 /* TextShortcutsManager.h */,
				9340E92C0AD1676400D52E57 /* TextShortcutsManager.m */,
				9340E92B0AD1676400D52E57 /* TextShortcutsTableView.h */,
				9340E9300AD1676400D52E57 /* TextShortcutsTableView.m */,
			);
			name = TextShortcuts;
			sourceTree = "<group>";
		};
		934497E708A520E400CE2E61 /* easterEggs */ = {
			isa = PBXGroup;
			children = (
				934497EC08A520FC00CE2E61 /* poisson.pdf */,
			);
			name = easterEggs;
			sourceTree = "<group>";
		};
		9344D76D08257B1600B17B37 /* Library */ = {
			isa = PBXGroup;
			children = (
				9344D8250825808900B17B37 /* LibraryCell.h */,
				9344D8260825808900B17B37 /* LibraryCell.m */,
				931D5DFD08A15B8600573DD8 /* LibraryController.h */,
				931D5DFE08A15B8600573DD8 /* LibraryController.m */,
				932CF4240826C33D00434128 /* LibraryFile.h */,
				932CF4250826C33D00434128 /* LibraryFile.m */,
				9344D89F082587ED00B17B37 /* LibraryFolder.h */,
				9344D8A0082587ED00B17B37 /* LibraryFolder.m */,
				932CF4200826C2EB00434128 /* LibraryItem.h */,
				932CF4210826C2EB00434128 /* LibraryItem.m */,
				932CF5760826D9E500434128 /* LibraryManager.h */,
				932CF5770826D9E500434128 /* LibraryManager.m */,
				930BFD1B0A245AC6008C586D /* LibraryPreviewPanelImageView.h */,
				930BFD1A0A245AC6008C586D /* LibraryPreviewPanelImageView.m */,
				931D5DFF08A15B8600573DD8 /* LibraryTableView.h */,
				931D5E0008A15B8600573DD8 /* LibraryTableView.m */,
			);
			name = Library;
			sourceTree = "<group>";
		};
		9372A1FA08781A0F00A3A645 /* Margins */ = {
			isa = PBXGroup;
			children = (
				9372A1F2087819EF00A3A645 /* MarginController.h */,
				9372A1F3087819EF00A3A645 /* MarginController.m */,
			);
			name = Margins;
			sourceTree = "<group>";
		};
		93A5972207F479B8001DF900 /* LatexPalettes */ = {
			isa = PBXGroup;
			children = (
				93F16CCC089FC25200FF7B94 /* LatexPalettesController.h */,
				93F16CCD089FC25200FF7B94 /* LatexPalettesController.m */,
				932BA6D40960CC9B004EECBA /* PaletteCell.h */,
				932BA6D20960CC9B004EECBA /* PaletteCell.m */,
				932BA6D50960CC9B004EECBA /* PaletteItem.h */,
				932BA6D70960CC9B004EECBA /* PaletteItem.m */,
				932BA6D60960CC9B004EECBA /* PaletteMatrix.h */,
				932BA6D30960CC9B004EECBA /* PaletteMatrix.m */,
			);
			name = LatexPalettes;
			sourceTree = "<group>";
		};
		93D06AF30990BE4400C484B8 /* file-icons */ = {
			isa = PBXGroup;
			children = (
				9328604307F4505F009BF03D /* latexit.icns */,
				93089AB10C0A593100B08453 /* latexit-latex-palette.icns */,
				93089AB20C0A593100B08453 /* latexit-lib.icns */,
			);
			name = "file-icons";
			sourceTree = "<group>";
		};
		93D06AF50990BE6700C484B8 /* interface */ = {
			isa = PBXGroup;
			children = (
				931D5E2108A15C1400573DD8 /* action.tiff */,
				931D5E2008A15C1400573DD8 /* action-pressed.tiff */,
				93B528AC089FFC2B00F14B77 /* add.tiff */,
				93B528AD089FFC2B00F14B77 /* add-pressed.tiff */,
				931D5E2208A15C1400573DD8 /* add-big.tiff */,
				931D5E2308A15C1400573DD8 /* add-big-pressed.tiff */,
				93F0009209885B550064888E /* big-folder-icon.tiff */,
				9308E39207EE46BB00DD1B5F /* error.tiff */,
				932CF45E0826C5A500434128 /* file-icon.png */,
				933EBABB0B7FCF3600D84BDB /* home.tiff */,
				933EBABC0B7FCF3600D84BDB /* homePressed.tiff */,
				93F6D53F09CE9B10002ED258 /* magnifying-glass.png */,
				9343D0C808604F430024CDC2 /* refresh.tiff */,
				93B528AF089FFC2B00F14B77 /* remove.tiff */,
				93B528AE089FFC2B00F14B77 /* remove-pressed.tiff */,
				93F0008E09885B310064888E /* view-icons.tiff */,
				93F0008F09885B310064888E /* view-titles.tiff */,
				93773C2107FFF2B6004AAB30 /* warning.tiff */,
			);
			name = interface;
			sourceTree = "<group>";
		};
		93D7CB1B09D36C6D0001DC5E /* CompositionConfiguration */ = {
			isa = PBXGroup;
			children = (
				93D7CB2309D36C870001DC5E /* CompositionConfigurationController.h */,
				93D7CB1F09D36C870001DC5E /* CompositionConfigurationController.m */,
				93D7CB2109D36C870001DC5E /* CompositionConfigurationManager.h */,
				93D7CB2209D36C870001DC5E /* CompositionConfigurationManager.m */,
				93D7CB2009D36C870001DC5E /* CompositionConfigurationTableView.h */,
				93D7CB2409D36C870001DC5E /* CompositionConfigurationTableView.m */,
			);
			name = CompositionConfiguration;
			sourceTree = "<group>";
		};
		93EF9D1B07EF7B5C0003FA6E /* History */ = {
			isa = PBXGroup;
			children = (
				93EE114807F2F607009E1F36 /* HistoryCell.h */,
				93EE114907F2F607009E1F36 /* HistoryCell.m */,
				931D5E1008A15B9E00573DD8 /* HistoryController.h */,
				931D5E0E08A15B9E00573DD8 /* HistoryController.m */,
				93EF9D1C07EF7B6A0003FA6E /* HistoryItem.h */,
				93EF9D1D07EF7B6A0003FA6E /* HistoryItem.m */,
				93EF9D2007EF7B740003FA6E /* HistoryManager.h */,
				93EF9D2107EF7B740003FA6E /* HistoryManager.m */,
				931D5E0F08A15B9E00573DD8 /* HistoryTableView.h */,
				931D5E0D08A15B9E00573DD8 /* HistoryTableView.m */,
			);
			name = History;
			sourceTree = "<group>";
		};
		93F2C6C20A31A8760009FB59 /* latex-keywords */ = {
			isa = PBXGroup;
			children = (
				93F2C6D80A31A88C0009FB59 /* convert */,
				93F2C6D70A31A88C0009FB59 /* latex-keywords.plist */,
			);
			name = "latex-keywords";
			sourceTree = "<group>";
		};
		93F350400952AFC400DDFD09 /* toolbarItems */ = {
			isa = PBXGroup;
			children = (
				93F350410952AFC400DDFD09 /* advancedToolbarItem.tiff */,
				93F350420952AFC400DDFD09 /* compositionToolbarItem.tiff */,
				93F350430952AFC400DDFD09 /* editionToolbarItem.tiff */,
				93F350440952AFC400DDFD09 /* generalToolbarItem.tiff */,
				93F350450952AFC400DDFD09 /* preambleToolbarItem.tiff */,
				93F350460952AFC400DDFD09 /* serviceToolbarItem.tiff */,
				93F350470952AFC400DDFD09 /* webToolbarItem.tiff */,
			);
			name = toolbarItems;
			path = Resources/toolbarItems;
			sourceTree = "<group>";
		};
		93F73E870899091300EFFA5E /* Encapsulation */ = {
			isa = PBXGroup;
			children = (
				93F73E8D0899092A00EFFA5E /* EncapsulationController.h */,
				93F73E8E0899092A00EFFA5E /* EncapsulationController.m */,
				9315F809089A730F00EAE085 /* EncapsulationManager.m */,
				9315F80A089A730F00EAE085 /* EncapsulationManager.h */,
				93AD08B708A2D2CE0045B7F9 /* EncapsulationTableView.h */,
				93AD08B608A2D2CE0045B7F9 /* EncapsulationTableView.m */,
			);
			name = Encapsulation;
			sourceTree = "<group>";
		};
/* End PBXGroup section */

/* Begin PBXNativeTarget section */
		8D15AC270486D014006FF6A4 /* LaTeXiT */ = {
			isa = PBXNativeTarget;
			buildConfigurationList = 932388560854FD210017F3BB /* Build configuration list for PBXNativeTarget "LaTeXiT" */;
			buildPhases = (
				93EEB17509CB213A00E732A0 /* ShellScript */,
				8D15AC2B0486D014006FF6A4 /* Resources */,
				8D15AC300486D014006FF6A4 /* Sources */,
				8D15AC330486D014006FF6A4 /* Frameworks */,
				93126C5C0834966D0021D026 /* CopyFiles */,
			);
			buildRules = (
			);
			dependencies = (
			);
			name = LaTeXiT;
			productInstallPath = "$(HOME)/Applications";
			productName = LaTeXiT;
			productReference = 8D15AC370486D014006FF6A4 /* LaTeXiT.app */;
			productType = "com.apple.product-type.application";
		};
/* End PBXNativeTarget section */

/* Begin PBXProject section */
		2A37F4A9FDCFA73011CA2CEA /* Project object */ = {
			isa = PBXProject;
			buildConfigurationList = 9323885A0854FD210017F3BB /* Build configuration list for PBXProject "LaTeXiT-panther" */;
			hasScannedForEncodings = 1;
			knownRegions = (
				English,
				Japanese,
				French,
				German,
				Spanish,
			);
			mainGroup = 2A37F4AAFDCFA73011CA2CEA /* LaTeXiT */;
			projectDirPath = "";
			targets = (
				8D15AC270486D014006FF6A4 /* LaTeXiT */,
			);
		};
/* End PBXProject section */

/* Begin PBXResourcesBuildPhase section */
		8D15AC2B0486D014006FF6A4 /* Resources */ = {
			isa = PBXResourcesBuildPhase;
			buildActionMask = 2147483647;
			files = (
				8D15AC2C0486D014006FF6A4 /* Credits.rtf in Resources */,
				8D15AC2D0486D014006FF6A4 /* MainMenu.nib in Resources */,
				8D15AC2E0486D014006FF6A4 /* MyDocument.nib in Resources */,
				8D15AC2F0486D014006FF6A4 /* InfoPlist.strings in Resources */,
				930255D007F0C2A800011996 /* Localizable.strings in Resources */,
				9308E39307EE46BB00DD1B5F /* error.tiff in Resources */,
				9328604407F4505F009BF03D /* latexit.icns in Resources */,
				93A592CB07F46075001DF900 /* Licence.rtf in Resources */,
				93A592CC07F46075001DF900 /* Lisez-moi.rtfd in Resources */,
				93A592CD07F46075001DF900 /* Read Me.rtfd in Resources */,
				9315A45207FD331800AFCCE9 /* Preferences.nib in Resources */,
				93773C2207FFF2B6004AAB30 /* warning.tiff in Resources */,
				939A64580800281900AE4486 /* ServicesMenu.strings in Resources */,
				932CF45F0826C5A500434128 /* file-icon.png in Resources */,
				935A85ED084F4DEF005724CE /* Licence_CeCILL_V2-fr.txt in Resources */,
				935A85EE084F4DEF005724CE /* Licence_CeCILL_V2-en.txt in Resources */,
				9343D0C908604F430024CDC2 /* refresh.tiff in Resources */,
				9372A2F4087827FF00A3A645 /* Margin.nib in Resources */,
				93F73E9D0899095F00EFFA5E /* Encapsulation.nib in Resources */,
				93F16CAD089FC1D800FF7B94 /* LatexPalettes.nib in Resources */,
				93B528B0089FFC2B00F14B77 /* add.tiff in Resources */,
				93B528B1089FFC2B00F14B77 /* add-pressed.tiff in Resources */,
				93B528B2089FFC2B00F14B77 /* remove-pressed.tiff in Resources */,
				93B528B3089FFC2B00F14B77 /* remove.tiff in Resources */,
				931D5E2408A15C1400573DD8 /* action-pressed.tiff in Resources */,
				931D5E2508A15C1400573DD8 /* action.tiff in Resources */,
				931D5E2608A15C1400573DD8 /* add-big.tiff in Resources */,
				931D5E2708A15C1400573DD8 /* add-big-pressed.tiff in Resources */,
				93F9DEB008A2D96C005DEBF6 /* Library.nib in Resources */,
				93F9DEB108A2D96C005DEBF6 /* History.nib in Resources */,
				934497ED08A520FC00CE2E61 /* poisson.pdf in Resources */,
				93F350480952AFC400DDFD09 /* advancedToolbarItem.tiff in Resources */,
				93F350490952AFC400DDFD09 /* compositionToolbarItem.tiff in Resources */,
				93F3504A0952AFC400DDFD09 /* editionToolbarItem.tiff in Resources */,
				93F3504B0952AFC400DDFD09 /* generalToolbarItem.tiff in Resources */,
				93F3504C0952AFC400DDFD09 /* preambleToolbarItem.tiff in Resources */,
				93F3504D0952AFC400DDFD09 /* serviceToolbarItem.tiff in Resources */,
				93F3504E0952AFC400DDFD09 /* webToolbarItem.tiff in Resources */,
				93F3506D0952B08700DDFD09 /* tex.plist in Resources */,
				93F0009009885B310064888E /* view-icons.tiff in Resources */,
				93F0009109885B310064888E /* view-titles.tiff in Resources */,
				93F0009309885B550064888E /* big-folder-icon.tiff in Resources */,
				93F6D54009CE9B10002ED258 /* magnifying-glass.png in Resources */,
				93D7CB7909D36DC10001DC5E /* CompositionConfiguration.nib in Resources */,
				93F2C6D90A31A88C0009FB59 /* latex-keywords.plist in Resources */,
				93F2C6DA0A31A88C0009FB59 /* convert in Resources */,
				9340E8EF0AD166CF00D52E57 /* Lies mich.rtfd in Resources */,
				933EBABD0B7FCF3600D84BDB /* home.tiff in Resources */,
				933EBABE0B7FCF3600D84BDB /* homePressed.tiff in Resources */,
				93B2133D0BBC1D6100EFCA2F /* current-version-fr.rtf in Resources */,
				93B213410BBC1D6800EFCA2F /* current-version-en.rtf in Resources */,
				93B213420BBC1D6800EFCA2F /* current-version-de.rtf in Resources */,
				93B213430BBC1D6800EFCA2F /* current-version-es.rtf in Resources */,
				93B213680BBC1D7D00EFCA2F /* Léeme.rtfd in Resources */,
				93089AB30C0A593100B08453 /* latexit-latex-palette.icns in Resources */,
				93089AB40C0A593100B08453 /* latexit-lib.icns in Resources */,
				931030300C116A5C000BECED /* palettes in Resources */,
			);
			runOnlyForDeploymentPostprocessing = 0;
		};
/* End PBXResourcesBuildPhase section */

/* Begin PBXShellScriptBuildPhase section */
		93EEB17509CB213A00E732A0 /* ShellScript */ = {
			isa = PBXShellScriptBuildPhase;
			buildActionMask = 2147483647;
			files = (
			);
			inputPaths = (
				"$(SRCROOT)/replaceInFile",
				"$(SRCROOT)/Info.plist",
			);
			outputPaths = (
			);
			runOnlyForDeploymentPostprocessing = 0;
			shellPath = /bin/sh;
			shellScript = "INFOPLIST=\"${SRCROOT}/Info.plist\"\n${SRCROOT}/replaceInFile ${INFOPLIST} UTF8 tiger panther\n${SRCROOT}/replaceInFile ${INFOPLIST} UTF8 Tiger Panther\nLPROJS=`ls -d *.lproj`\nfor i in $LPROJS; do\n  INFOPLISTSTRINGS=\"${SRCROOT}/${i}/InfoPlist.strings\"\n  ${SRCROOT}/replaceInFile ${INFOPLISTSTRINGS} UTF16 tiger panther\n  ${SRCROOT}/replaceInFile ${INFOPLISTSTRINGS} UTF16 Tiger Panther\ndone";
		};
/* End PBXShellScriptBuildPhase section */

/* Begin PBXSourcesBuildPhase section */
		8D15AC300486D014006FF6A4 /* Sources */ = {
			isa = PBXSourcesBuildPhase;
			buildActionMask = 2147483647;
			files = (
				8D15AC310486D014006FF6A4 /* MyDocument.m in Sources */,
				8D15AC320486D014006FF6A4 /* main.m in Sources */,
				930BC29B07ECBC3C00EEB238 /* AppController.m in Sources */,
				930BC2AA07ECBD6500EEB238 /* MyImageView.m in Sources */,
				93C2A1DA07ED9CFA00AFBDC0 /* LogTableView.m in Sources */,
				930AC4E407EDEEF400AC66FA /* LineCountRulerView.m in Sources */,
				9308E1EA07EE3A5900DD1B5F /* LineCountTextView.m in Sources */,
				93EF9D1F07EF7B6A0003FA6E /* HistoryItem.m in Sources */,
				93EF9D2307EF7B740003FA6E /* HistoryManager.m in Sources */,
				9302548007F0BC6A00011996 /* Compressor.m in Sources */,
				93EE114B07F2F607009E1F36 /* HistoryCell.m in Sources */,
				9315A59A07FD36BD00AFCCE9 /* PreferencesController.m in Sources */,
				93344CB608251BD500F00A49 /* NSTaskExtended.m in Sources */,
				9344D8280825808900B17B37 /* LibraryCell.m in Sources */,
				9344D8A2082587ED00B17B37 /* LibraryFolder.m in Sources */,
				932CF4230826C2EB00434128 /* LibraryItem.m in Sources */,
				932CF4270826C33D00434128 /* LibraryFile.m in Sources */,
				932CF5790826D9E500434128 /* LibraryManager.m in Sources */,
				93CD21DE0827E9230079C367 /* NSMutableArrayExtended.m in Sources */,
				93D6BA1E082941900081D58A /* NSArrayExtended.m in Sources */,
				9304224D082975ED00F2B555 /* NSIndexSetExtended.m in Sources */,
				93310172083D1D6500DE67ED /* NSColorExtended.m in Sources */,
				935A834C084EFF11005724CE /* NSApplicationExtended.m in Sources */,
				9372A1F5087819EF00A3A645 /* MarginController.m in Sources */,
				93E81972087969BE0081B897 /* NSSegmentedControlExtended.m in Sources */,
				93E81AA2087978AD0081B897 /* NSFontExtended.m in Sources */,
				9308AC33088CF2850062A340 /* NSString+CarbonFSSpecCreation.m in Sources */,
				9308AC35088CF2850062A340 /* IconFamily.m in Sources */,
				9308AD0C088CF3D50062A340 /* NSWorkspaceExtended.m in Sources */,
				93EFDB9F088FF163000156A3 /* NSStringExtended.m in Sources */,
				93F73E920899092A00EFFA5E /* EncapsulationController.m in Sources */,
				9315F80B089A730F00EAE085 /* EncapsulationManager.m in Sources */,
				93F16CD1089FC25200FF7B94 /* LatexPalettesController.m in Sources */,
				931D5DFB08A15B6500573DD8 /* ImagePopupButton.m in Sources */,
				931D5E0208A15B8600573DD8 /* LibraryController.m in Sources */,
				931D5E0408A15B8600573DD8 /* LibraryTableView.m in Sources */,
				931D5E1108A15B9E00573DD8 /* HistoryTableView.m in Sources */,
				931D5E1208A15B9E00573DD8 /* HistoryController.m in Sources */,
				93AD08B808A2D2CE0045B7F9 /* EncapsulationTableView.m in Sources */,
				9324D3F608A645500010DB95 /* ButtonNotClickThrough.m in Sources */,
				93F350220952AF2300DDFD09 /* SMLSyntaxColouring.m in Sources */,
				932BA6D80960CC9B004EECBA /* PaletteCell.m in Sources */,
				932BA6D90960CC9B004EECBA /* PaletteMatrix.m in Sources */,
				932BA6DD0960CC9B004EECBA /* PaletteItem.m in Sources */,
				932BA852096156B1004EECBA /* NSPopUpButtonExtended.m in Sources */,
				93D4E3F109C821A700736816 /* Utils.m in Sources */,
				936A2C5E09C9A0CC00310E33 /* BorderlessPanel.m in Sources */,
				93D7CB2509D36C870001DC5E /* CompositionConfigurationController.m in Sources */,
				93D7CB2809D36C870001DC5E /* CompositionConfigurationManager.m in Sources */,
				93D7CB2A09D36C870001DC5E /* CompositionConfigurationTableView.m in Sources */,
				930BFD1C0A245AC6008C586D /* LibraryPreviewPanelImageView.m in Sources */,
				9340E9110AD1670B00D52E57 /* ServiceShortcutsTextView.m in Sources */,
				9340E9130AD1670B00D52E57 /* ServiceShortcutsTableView.m in Sources */,
				9340E9320AD1676400D52E57 /* TextShortcutsManager.m in Sources */,
				9340E9340AD1676400D52E57 /* TextShortcutsController.m in Sources */,
				9340E9360AD1676400D52E57 /* TextShortcutsTableView.m in Sources */,
				938875440C0A4FC3007E93C2 /* SystemTask.m in Sources */,
				936C331E0C0DF0D10082F86D /* Semaphore.m in Sources */,
			);
			runOnlyForDeploymentPostprocessing = 0;
		};
/* End PBXSourcesBuildPhase section */

/* Begin PBXVariantGroup section */
		089C165FFE840EACC02AAC07 /* InfoPlist.strings */ = {
			isa = PBXVariantGroup;
			children = (
				089C1660FE840EACC02AAC07 /* English */,
				93773C4907FFF713004AAB30 /* French */,
				9340E8D60AD1667000D52E57 /* German */,
				93B213690BBC1D8600EFCA2F /* Spanish */,
			);
			name = InfoPlist.strings;
			sourceTree = SOURCE_ROOT;
		};
		2A37F4B4FDCFA73011CA2CEA /* MyDocument.nib */ = {
			isa = PBXVariantGroup;
			children = (
				2A37F4B5FDCFA73011CA2CEA /* English */,
				93773C3307FFF547004AAB30 /* French */,
				9340E8E00AD166A400D52E57 /* German */,
				93B213810BBC1DCA00EFCA2F /* Spanish */,
			);
			name = MyDocument.nib;
			sourceTree = "<group>";
		};
		2A37F4B6FDCFA73011CA2CEA /* MainMenu.nib */ = {
			isa = PBXVariantGroup;
			children = (
				2A37F4B7FDCFA73011CA2CEA /* English */,
				93773C3207FFF541004AAB30 /* French */,
				9340E8DE0AD1669200D52E57 /* German */,
				93B2137F0BBC1DBB00EFCA2F /* Spanish */,
			);
			name = MainMenu.nib;
			sourceTree = "<group>";
		};
		2A37F4B9FDCFA73011CA2CEA /* Credits.rtf */ = {
			isa = PBXVariantGroup;
			children = (
				2A37F4BAFDCFA73011CA2CEA /* English */,
				93773C4707FFF704004AAB30 /* French */,
				9340E8C80AD1661600D52E57 /* German */,
				93B213440BBC1D7200EFCA2F /* Spanish */,
			);
			name = Credits.rtf;
			sourceTree = "<group>";
		};
		930255CF07F0C2A800011996 /* Localizable.strings */ = {
			isa = PBXVariantGroup;
			children = (
				930255CD07F0C2A300011996 /* English */,
				93773C4607FFF6FB004AAB30 /* French */,
				9340E8DB0AD1668200D52E57 /* German */,
				93B2136C0BBC1D8C00EFCA2F /* Spanish */,
			);
			name = Localizable.strings;
			sourceTree = "<group>";
		};
		9315A45007FD331800AFCCE9 /* Preferences.nib */ = {
			isa = PBXVariantGroup;
			children = (
				9315A45107FD331800AFCCE9 /* English */,
				93773C3407FFF54D004AAB30 /* French */,
				9340E8E10AD166AA00D52E57 /* German */,
				93B213820BBC1DD000EFCA2F /* Spanish */,
			);
			name = Preferences.nib;
			sourceTree = "<group>";
		};
		9372A2F3087827FF00A3A645 /* Margin.nib */ = {
			isa = PBXVariantGroup;
			children = (
				9372A26A08781EC800A3A645 /* English */,
				9372A2F50878280700A3A645 /* French */,
				9340E8DF0AD1669800D52E57 /* German */,
				93B213800BBC1DC400EFCA2F /* Spanish */,
			);
			name = Margin.nib;
			sourceTree = "<group>";
		};
		939A64570800281900AE4486 /* ServicesMenu.strings */ = {
			isa = PBXVariantGroup;
			children = (
				939A644F080027EA00AE4486 /* English */,
				939A64590800281C00AE4486 /* French */,
				9340E8E20AD166B900D52E57 /* German */,
				93B2136F0BBC1D9100EFCA2F /* Spanish */,
			);
			name = ServicesMenu.strings;
			sourceTree = "<group>";
		};
		93D7CB7609D36DC10001DC5E /* CompositionConfiguration.nib */ = {
			isa = PBXVariantGroup;
			children = (
				93D7CB7709D36DC10001DC5E /* English */,
				93D7CB7809D36DC10001DC5E /* French */,
				9340E8C90AD1662E00D52E57 /* German */,
				93B213720BBC1D9900EFCA2F /* Spanish */,
			);
			name = CompositionConfiguration.nib;
			sourceTree = "<group>";
		};
		93F16CAB089FC1D800FF7B94 /* LatexPalettes.nib */ = {
			isa = PBXVariantGroup;
			children = (
				93F16CAC089FC1D800FF7B94 /* English */,
				93F16CAE089FC1E700FF7B94 /* French */,
				9340E8D40AD1666300D52E57 /* German */,
				93B213790BBC1DAE00EFCA2F /* Spanish */,
			);
			name = LatexPalettes.nib;
			sourceTree = "<group>";
		};
		93F73E9B0899095F00EFFA5E /* Encapsulation.nib */ = {
			isa = PBXVariantGroup;
			children = (
				93F73E9C0899095F00EFFA5E /* English */,
				93F73E9E0899096A00EFFA5E /* French */,
				9340E8CB0AD1664600D52E57 /* German */,
				93B2137C0BBC1DB400EFCA2F /* Spanish */,
			);
			name = Encapsulation.nib;
			sourceTree = "<group>";
		};
		93F9DEAC08A2D96C005DEBF6 /* Library.nib */ = {
			isa = PBXVariantGroup;
			children = (
				93F9DEAD08A2D96C005DEBF6 /* English */,
				93F9DEB208A2D985005DEBF6 /* French */,
				9340E8D50AD1666A00D52E57 /* German */,
				93B213750BBC1DA000EFCA2F /* Spanish */,
			);
			name = Library.nib;
			sourceTree = "<group>";
		};
		93F9DEAE08A2D96C005DEBF6 /* History.nib */ = {
			isa = PBXVariantGroup;
			children = (
				93F9DEAF08A2D96C005DEBF6 /* English */,
				93F9DEB308A2D985005DEBF6 /* French */,
				9340E8CD0AD1664E00D52E57 /* German */,
				93B213760BBC1DA700EFCA2F /* Spanish */,
			);
			name = History.nib;
			sourceTree = "<group>";
		};
/* End PBXVariantGroup section */

/* Begin XCBuildConfiguration section */
		932388570854FD210017F3BB /* Development Panther */ = {
			isa = XCBuildConfiguration;
			buildSettings = {
				COPY_PHASE_STRIP = NO;
				FRAMEWORK_SEARCH_PATHS = "\"$(SRCROOT)\"";
				GCC_AUTO_VECTORIZATION = NO;
				GCC_DYNAMIC_NO_PIC = NO;
				GCC_ENABLE_CPP_EXCEPTIONS = NO;
				GCC_ENABLE_CPP_RTTI = NO;
				GCC_ENABLE_FIX_AND_CONTINUE = YES;
				GCC_ENABLE_OBJC_EXCEPTIONS = YES;
				GCC_ENABLE_SSE3_EXTENSIONS = NO;
				GCC_GENERATE_DEBUGGING_SYMBOLS = YES;
				GCC_OPTIMIZATION_LEVEL = 0;
				GCC_PRECOMPILE_PREFIX_HEADER = YES;
				GCC_PREFIX_HEADER = LaTeXiT_Prefix.pch;
				GCC_UNROLL_LOOPS = YES;
				GCC_WARN_ABOUT_MISSING_PROTOTYPES = YES;
				GCC_WARN_ABOUT_RETURN_TYPE = YES;
				GCC_WARN_CHECK_SWITCH_STATEMENTS = YES;
				GCC_WARN_EFFECTIVE_CPLUSPLUS_VIOLATIONS = YES;
				GCC_WARN_HIDDEN_VIRTUAL_FUNCTIONS = YES;
				GCC_WARN_INITIALIZER_NOT_FULLY_BRACKETED = YES;
				GCC_WARN_MISSING_PARENTHESES = YES;
				GCC_WARN_NON_VIRTUAL_DESTRUCTOR = YES;
				GCC_WARN_PEDANTIC = NO;
				GCC_WARN_SHADOW = NO;
				GCC_WARN_SIGN_COMPARE = YES;
				GCC_WARN_TYPECHECK_CALLS_TO_PRINTF = YES;
				GCC_WARN_UNINITIALIZED_AUTOS = NO;
				GCC_WARN_UNKNOWN_PRAGMAS = YES;
				GCC_WARN_UNUSED_FUNCTION = YES;
				GCC_WARN_UNUSED_LABEL = YES;
				GCC_WARN_UNUSED_PARAMETER = NO;
				GCC_WARN_UNUSED_VALUE = YES;
				GCC_WARN_UNUSED_VARIABLE = YES;
				GENERATE_PROFILING_CODE = NO;
				HEADER_SEARCH_PATHS = "";
				INFOPLIST_FILE = Info.plist;
				INSTALL_PATH = "$(HOME)/Applications";
				OTHER_CFLAGS = "";
				OTHER_LDFLAGS = "-lz";
				PREBINDING = YES;
				PRODUCT_NAME = LaTeXiT;
				WRAPPER_EXTENSION = app;
				ZERO_LINK = YES;
			};
			name = "Development Panther";
		};
		9323885B0854FD210017F3BB /* Development Panther */ = {
			isa = XCBuildConfiguration;
			buildSettings = {
				ARCHS = ppc;
				COPY_PHASE_STRIP = NO;
				GCC_AUTO_VECTORIZATION = NO;
				GCC_ENABLE_CPP_EXCEPTIONS = NO;
				GCC_ENABLE_CPP_RTTI = YES;
				GCC_ENABLE_OBJC_EXCEPTIONS = YES;
				GCC_FAST_OBJC_DISPATCH = NO;
				GCC_OPTIMIZATION_LEVEL = 0;
				GCC_PREPROCESSOR_DEFINITIONS = PANTHER;
				MACOSX_DEPLOYMENT_TARGET = 10.3;
				PREBINDING = NO;
				SDKROOT = /Developer/SDKs/MacOSX10.3.9.sdk;
			};
			name = "Development Panther";
		};
		93E94C71087D325C00B01A1B /* Deployment Panther */ = {
			isa = XCBuildConfiguration;
			buildSettings = {
				COPY_PHASE_STRIP = YES;
				DEAD_CODE_STRIPPING = YES;
				FRAMEWORK_SEARCH_PATHS = "\"$(SRCROOT)\"";
				GCC_AUTO_VECTORIZATION = YES;
				GCC_ENABLE_CPP_EXCEPTIONS = NO;
				GCC_ENABLE_CPP_RTTI = NO;
				GCC_ENABLE_FIX_AND_CONTINUE = NO;
				GCC_ENABLE_OBJC_EXCEPTIONS = YES;
				GCC_FAST_OBJC_DISPATCH = NO;
				GCC_GENERATE_DEBUGGING_SYMBOLS = NO;
				GCC_OPTIMIZATION_LEVEL = s;
				GCC_PRECOMPILE_PREFIX_HEADER = YES;
				GCC_PREFIX_HEADER = LaTeXiT_Prefix.pch;
				GCC_STRICT_ALIASING = YES;
				GCC_UNROLL_LOOPS = YES;
				GCC_WARN_ABOUT_MISSING_NEWLINE = YES;
				GCC_WARN_ABOUT_MISSING_PROTOTYPES = YES;
				GCC_WARN_ABOUT_RETURN_TYPE = YES;
				GCC_WARN_CHECK_SWITCH_STATEMENTS = YES;
				GCC_WARN_HIDDEN_VIRTUAL_FUNCTIONS = YES;
				GCC_WARN_INITIALIZER_NOT_FULLY_BRACKETED = YES;
				GCC_WARN_MISSING_PARENTHESES = YES;
				GCC_WARN_NON_VIRTUAL_DESTRUCTOR = YES;
				GCC_WARN_SIGN_COMPARE = YES;
				GCC_WARN_TYPECHECK_CALLS_TO_PRINTF = YES;
				GCC_WARN_UNINITIALIZED_AUTOS = YES;
				GCC_WARN_UNKNOWN_PRAGMAS = YES;
				GCC_WARN_UNUSED_FUNCTION = YES;
				GCC_WARN_UNUSED_LABEL = YES;
				GCC_WARN_UNUSED_VALUE = YES;
				GCC_WARN_UNUSED_VARIABLE = YES;
				GENERATE_PROFILING_CODE = NO;
				HEADER_SEARCH_PATHS = "";
				INFOPLIST_FILE = Info.plist;
				INSTALL_PATH = "$(HOME)/Applications";
				MACOSX_DEPLOYMENT_TARGET = 10.3;
				OTHER_LDFLAGS = "-lz";
				PRODUCT_NAME = LaTeXiT;
				WRAPPER_EXTENSION = app;
				ZERO_LINK = NO;
			};
			name = "Deployment Panther";
		};
		93E94C73087D325C00B01A1B /* Deployment Panther */ = {
			isa = XCBuildConfiguration;
			buildSettings = {
				ARCHS = ppc;
				DEAD_CODE_STRIPPING = NO;
				GCC_AUTO_VECTORIZATION = NO;
				GCC_ENABLE_CPP_EXCEPTIONS = NO;
				GCC_ENABLE_CPP_RTTI = NO;
				GCC_ENABLE_OBJC_EXCEPTIONS = YES;
				GCC_FAST_OBJC_DISPATCH = NO;
				GCC_GENERATE_DEBUGGING_SYMBOLS = YES;
				GCC_PREPROCESSOR_DEFINITIONS = PANTHER;
				GCC_WARN_ABOUT_MISSING_NEWLINE = YES;
				GCC_WARN_ABOUT_MISSING_PROTOTYPES = YES;
				GCC_WARN_ABOUT_RETURN_TYPE = YES;
				GCC_WARN_CHECK_SWITCH_STATEMENTS = YES;
				GCC_WARN_HIDDEN_VIRTUAL_FUNCTIONS = YES;
				GCC_WARN_INITIALIZER_NOT_FULLY_BRACKETED = YES;
				GCC_WARN_MISSING_PARENTHESES = YES;
				GCC_WARN_NON_VIRTUAL_DESTRUCTOR = YES;
				GCC_WARN_PEDANTIC = NO;
				GCC_WARN_SHADOW = NO;
				GCC_WARN_SIGN_COMPARE = YES;
				GCC_WARN_TYPECHECK_CALLS_TO_PRINTF = YES;
				GCC_WARN_UNINITIALIZED_AUTOS = YES;
				GCC_WARN_UNKNOWN_PRAGMAS = YES;
				GCC_WARN_UNUSED_FUNCTION = YES;
				GCC_WARN_UNUSED_LABEL = YES;
				GCC_WARN_UNUSED_PARAMETER = NO;
				GCC_WARN_UNUSED_VALUE = YES;
				GCC_WARN_UNUSED_VARIABLE = YES;
				MACOSX_DEPLOYMENT_TARGET = 10.3;
				PREBINDING = YES;
				REZ_PREPROCESSOR_DEFINITIONS = "";
				SDKROOT = /Developer/SDKs/MacOSX10.3.9.sdk;
			};
			name = "Deployment Panther";
		};
/* End XCBuildConfiguration section */

/* Begin XCConfigurationList section */
		932388560854FD210017F3BB /* Build configuration list for PBXNativeTarget "LaTeXiT" */ = {
			isa = XCConfigurationList;
			buildConfigurations = (
				932388570854FD210017F3BB /* Development Panther */,
				93E94C71087D325C00B01A1B /* Deployment Panther */,
			);
			defaultConfigurationIsVisible = 0;
			defaultConfigurationName = "Development Panther";
		};
		9323885A0854FD210017F3BB /* Build configuration list for PBXProject "LaTeXiT-panther" */ = {
			isa = XCConfigurationList;
			buildConfigurations = (
				9323885B0854FD210017F3BB /* Development Panther */,
				93E94C73087D325C00B01A1B /* Deployment Panther */,
			);
			defaultConfigurationIsVisible = 0;
			defaultConfigurationName = "Development Panther";
		};
/* End XCConfigurationList section */
	};
	rootObject = 2A37F4A9FDCFA73011CA2CEA /* Project object */;
}
